// !$*UTF8*$!
{
	archiveVersion = 1;
	classes = {
	};
	objectVersion = 50;
	objects = {

/* Begin PBXBuildFile section */
		5232497A21BEB99D00174439 /* (null) in Resources */ = {isa = PBXBuildFile; };
		5232497C21BEB9A300174439 /* (null) in Resources */ = {isa = PBXBuildFile; };
		526ABD4121B1564B004177CB /* GoogleService-Info.plist in Resources */ = {isa = PBXBuildFile; fileRef = 526ABD4021B1564B004177CB /* GoogleService-Info.plist */; };
		526BF73021B0450500465AD7 /* CvcSinglePlayerRoster.xib in Resources */ = {isa = PBXBuildFile; fileRef = 526BF72F21B0450500465AD7 /* CvcSinglePlayerRoster.xib */; };
		526BF73221B0452400465AD7 /* CvcRankingItem.xib in Resources */ = {isa = PBXBuildFile; fileRef = 526BF73121B0452400465AD7 /* CvcRankingItem.xib */; };
		52797B2A21DF566900350D7D /* CvcRankingHeader.xib in Resources */ = {isa = PBXBuildFile; fileRef = 52797B2921DF566900350D7D /* CvcRankingHeader.xib */; };
		527E94EE21B0648200A8CAD0 /* big_noodle_titling.ttf in Resources */ = {isa = PBXBuildFile; fileRef = 52F650C121B0570000CBD2BE /* big_noodle_titling.ttf */; };
		527E94EF21B0648400A8CAD0 /* Hind-Bold.ttf in Resources */ = {isa = PBXBuildFile; fileRef = 52F650C421B0603600CBD2BE /* Hind-Bold.ttf */; };
		527E94F021B0648700A8CAD0 /* Hind-Light.ttf in Resources */ = {isa = PBXBuildFile; fileRef = 52F650C521B0603600CBD2BE /* Hind-Light.ttf */; };
		527E94F121B0648900A8CAD0 /* Hind-Medium.ttf in Resources */ = {isa = PBXBuildFile; fileRef = 52F650C721B0603600CBD2BE /* Hind-Medium.ttf */; };
		527E94F221B0648C00A8CAD0 /* Hind-Regular.ttf in Resources */ = {isa = PBXBuildFile; fileRef = 52F650C321B0603600CBD2BE /* Hind-Regular.ttf */; };
		527E94F321B0648E00A8CAD0 /* Hind-SemiBold.ttf in Resources */ = {isa = PBXBuildFile; fileRef = 52F650C621B0603600CBD2BE /* Hind-SemiBold.ttf */; };
		5293A15021B576E90081E805 /* ViePost.xib in Resources */ = {isa = PBXBuildFile; fileRef = 5293A14F21B576E90081E805 /* ViePost.xib */; };
		52A78B2821F1C353000E197E /* ViePageIndicator.xib in Resources */ = {isa = PBXBuildFile; fileRef = 52A78B2721F1C353000E197E /* ViePageIndicator.xib */; };
		52A78B2A21F1C3EA000E197E /* CvcHeader.xib in Resources */ = {isa = PBXBuildFile; fileRef = 52A78B2921F1C3EA000E197E /* CvcHeader.xib */; };
		52B8070721F86A1A009E4C43 /* TvcPostPoll.xib in Resources */ = {isa = PBXBuildFile; fileRef = 52B8070621F86A1A009E4C43 /* TvcPostPoll.xib */; };
		52E7168321BEBAF8002E1BA1 /* VieCalendar.xib in Resources */ = {isa = PBXBuildFile; fileRef = 52E7168221BEBAF8002E1BA1 /* VieCalendar.xib */; };
		52E7168521BEBC82002E1BA1 /* VieClubGranataSingleSponsor.xib in Resources */ = {isa = PBXBuildFile; fileRef = 52E7168421BEBC82002E1BA1 /* VieClubGranataSingleSponsor.xib */; };
		52E7168721BED3F6002E1BA1 /* CvcSeasonMenu.xib in Resources */ = {isa = PBXBuildFile; fileRef = 52E7168621BED3F5002E1BA1 /* CvcSeasonMenu.xib */; };
		D11B714E21AF0A6600887D2A /* FileView.swift in Sources */ = {isa = PBXBuildFile; fileRef = D11B714D21AF0A6600887D2A /* FileView.swift */; };
		D11B715021AF0F3600887D2A /* ProFileObs.swift in Sources */ = {isa = PBXBuildFile; fileRef = D11B714F21AF0F3600887D2A /* ProFileObs.swift */; };
		D14D6F2321F21E3300C4B381 /* CviHeader.swift in Sources */ = {isa = PBXBuildFile; fileRef = D14D6F2221F21E3300C4B381 /* CviHeader.swift */; };
		D15ABDB221B915C700C980EE /* CtlUserDataReset.swift in Sources */ = {isa = PBXBuildFile; fileRef = D15ABDB121B915C700C980EE /* CtlUserDataReset.swift */; };
		D15ABDB621B91C8800C980EE /* CtlBase.swift in Sources */ = {isa = PBXBuildFile; fileRef = D15ABDB521B91C8800C980EE /* CtlBase.swift */; };
		D15ABDB821B9202E00C980EE /* VcrMedia.swift in Sources */ = {isa = PBXBuildFile; fileRef = D15ABDB721B9202E00C980EE /* VcrMedia.swift */; };
		D15ABDBC21B9353D00C980EE /* CtlUserData.swift in Sources */ = {isa = PBXBuildFile; fileRef = D15ABDBB21B9353D00C980EE /* CtlUserData.swift */; };
		D15EBBE821B698D900835C0B /* LabIndicator.swift in Sources */ = {isa = PBXBuildFile; fileRef = D15EBBE721B698D900835C0B /* LabIndicator.swift */; };
		D15EBBEA21B69A1600835C0B /* SelectorUtils.swift in Sources */ = {isa = PBXBuildFile; fileRef = D15EBBE921B69A1600835C0B /* SelectorUtils.swift */; };
		D15EBBEC21B69B1A00835C0B /* ViePageIndicator.swift in Sources */ = {isa = PBXBuildFile; fileRef = D15EBBEB21B69B1A00835C0B /* ViePageIndicator.swift */; };
		D15EBBF021B6A08C00835C0B /* VieBase.swift in Sources */ = {isa = PBXBuildFile; fileRef = D15EBBEF21B6A08C00835C0B /* VieBase.swift */; };
		D15EBBF221B6C1C400835C0B /* LabBase.swift in Sources */ = {isa = PBXBuildFile; fileRef = D15EBBF121B6C1C400835C0B /* LabBase.swift */; };
		D15EBBF421B6C64100835C0B /* ColorUtils.swift in Sources */ = {isa = PBXBuildFile; fileRef = D15EBBF321B6C64100835C0B /* ColorUtils.swift */; };
		D1604EC621F9D46E004C7926 /* BtnRadioBase.swift in Sources */ = {isa = PBXBuildFile; fileRef = D1604EC521F9D46E004C7926 /* BtnRadioBase.swift */; };
		D1604EC821F9D495004C7926 /* BtnRadio.swift in Sources */ = {isa = PBXBuildFile; fileRef = D1604EC721F9D495004C7926 /* BtnRadio.swift */; };
		D1604ECA21FA1D4B004C7926 /* PostPollUserView.swift in Sources */ = {isa = PBXBuildFile; fileRef = D1604EC921FA1D4B004C7926 /* PostPollUserView.swift */; };
		D160DC4D21B521F000DAEF67 /* AuthUtils.swift in Sources */ = {isa = PBXBuildFile; fileRef = D160DC4A21B521F000DAEF67 /* AuthUtils.swift */; };
		D160DC4E21B521F000DAEF67 /* StoryboardUtils.swift in Sources */ = {isa = PBXBuildFile; fileRef = D160DC4B21B521F000DAEF67 /* StoryboardUtils.swift */; };
		D160DC4F21B521F000DAEF67 /* UrlUtils.swift in Sources */ = {isa = PBXBuildFile; fileRef = D160DC4C21B521F000DAEF67 /* UrlUtils.swift */; };
		D160DC5121B529A800DAEF67 /* SeasonDay.swift in Sources */ = {isa = PBXBuildFile; fileRef = D160DC5021B529A800DAEF67 /* SeasonDay.swift */; };
		D160DC5521B531B700DAEF67 /* CtlUserLogin.swift in Sources */ = {isa = PBXBuildFile; fileRef = D160DC5421B531B700DAEF67 /* CtlUserLogin.swift */; };
		D160DC5821B5333D00DAEF67 /* TabMain.swift in Sources */ = {isa = PBXBuildFile; fileRef = D160DC5721B5333D00DAEF67 /* TabMain.swift */; };
		D160DC5A21B5375200DAEF67 /* PagLogin.swift in Sources */ = {isa = PBXBuildFile; fileRef = D160DC5921B5375200DAEF67 /* PagLogin.swift */; };
		D160DC5C21B568BD00DAEF67 /* CtlRegisterUser.swift in Sources */ = {isa = PBXBuildFile; fileRef = D160DC5B21B568BD00DAEF67 /* CtlRegisterUser.swift */; };
		D1633DC821AFEB7B00D5CE2F /* VcrBase.swift in Sources */ = {isa = PBXBuildFile; fileRef = D1633DC721AFEB7B00D5CE2F /* VcrBase.swift */; };
		D1633DCB21AFFDE300D5CE2F /* PagChat.swift in Sources */ = {isa = PBXBuildFile; fileRef = D1633DC921AFFDE300D5CE2F /* PagChat.swift */; };
		D1633DCE21B0000000D5CE2F /* ProChatObs.swift in Sources */ = {isa = PBXBuildFile; fileRef = D1633DCD21B0000000D5CE2F /* ProChatObs.swift */; };
		D1633DD021B0008A00D5CE2F /* ChatView.swift in Sources */ = {isa = PBXBuildFile; fileRef = D1633DCF21B0008A00D5CE2F /* ChatView.swift */; };
		D1633DD221B0135100D5CE2F /* Chat.swift in Sources */ = {isa = PBXBuildFile; fileRef = D1633DD121B0135100D5CE2F /* Chat.swift */; };
		D1633DD421B01E9600D5CE2F /* VcrChats.swift in Sources */ = {isa = PBXBuildFile; fileRef = D1633DD321B01E9600D5CE2F /* VcrChats.swift */; };
		D1633DD621B0276500D5CE2F /* CvcChat.xib in Resources */ = {isa = PBXBuildFile; fileRef = D1633DD521B0276500D5CE2F /* CvcChat.xib */; };
		D1633DD921B02B1700D5CE2F /* CvcChat.swift in Sources */ = {isa = PBXBuildFile; fileRef = D1633DD821B02B1700D5CE2F /* CvcChat.swift */; };
		D1640C6D220085D50000D98E /* Reaction.swift in Sources */ = {isa = PBXBuildFile; fileRef = D1640C6C220085D50000D98E /* Reaction.swift */; };
		D1640C6F220089A20000D98E /* ProReactionObs.swift in Sources */ = {isa = PBXBuildFile; fileRef = D1640C6E220089A20000D98E /* ProReactionObs.swift */; };
		D166B87A21F86C9A00B9FD78 /* TvcPostPoll.swift in Sources */ = {isa = PBXBuildFile; fileRef = D166B87921F86C9A00B9FD78 /* TvcPostPoll.swift */; };
		D166B87C21F86CDC00B9FD78 /* TvcBase.swift in Sources */ = {isa = PBXBuildFile; fileRef = D166B87B21F86CDC00B9FD78 /* TvcBase.swift */; };
		D166B87F21F89F9800B9FD78 /* ProPostPollCellObs.swift in Sources */ = {isa = PBXBuildFile; fileRef = D166B87E21F89F9800B9FD78 /* ProPostPollCellObs.swift */; };
		D16BBFA621C15F74008AF36E /* Device.swift in Sources */ = {isa = PBXBuildFile; fileRef = D16BBFA521C15F74008AF36E /* Device.swift */; };
		D16BBFA821C160AC008AF36E /* User.swift in Sources */ = {isa = PBXBuildFile; fileRef = D16BBFA721C160AC008AF36E /* User.swift */; };
		D16BBFAA21C161FC008AF36E /* UserView.swift in Sources */ = {isa = PBXBuildFile; fileRef = D16BBFA921C161FC008AF36E /* UserView.swift */; };
		D16DEB8821F1D7E20055D8DC /* CvcHeader.swift in Sources */ = {isa = PBXBuildFile; fileRef = D16DEB8721F1D7E20055D8DC /* CvcHeader.swift */; };
		D171970721BAABD7008D786B /* PagPost.swift in Sources */ = {isa = PBXBuildFile; fileRef = D171970621BAABD7008D786B /* PagPost.swift */; };
		D171970921BAB152008D786B /* ViePost.swift in Sources */ = {isa = PBXBuildFile; fileRef = D171970821BAB152008D786B /* ViePost.swift */; };
		D171970B21BAB550008D786B /* CtlPost.swift in Sources */ = {isa = PBXBuildFile; fileRef = D171970A21BAB550008D786B /* CtlPost.swift */; };
		D171DB8421FB143F00E08480 /* TbvPostPolls.swift in Sources */ = {isa = PBXBuildFile; fileRef = D171DB8321FB143E00E08480 /* TbvPostPolls.swift */; };
		D173431821CBCAEA00D8E75E /* PathUtils.swift in Sources */ = {isa = PBXBuildFile; fileRef = D173431721CBCAEA00D8E75E /* PathUtils.swift */; };
		D174231C21AE93AC009AAEFC /* PostsView.swift in Sources */ = {isa = PBXBuildFile; fileRef = D174231B21AE93AC009AAEFC /* PostsView.swift */; };
		D174232321AEAE68009AAEFC /* VcrPosts.swift in Sources */ = {isa = PBXBuildFile; fileRef = D174232221AEAE68009AAEFC /* VcrPosts.swift */; };
		D174232821AED6C1009AAEFC /* CvcNews.xib in Resources */ = {isa = PBXBuildFile; fileRef = D174232621AED6BA009AAEFC /* CvcNews.xib */; };
		D174232921AED6C1009AAEFC /* CvcNews.swift in Sources */ = {isa = PBXBuildFile; fileRef = D174232721AED6BF009AAEFC /* CvcNews.swift */; };
		D175884621F714AE00488CE6 /* DeviceView.swift in Sources */ = {isa = PBXBuildFile; fileRef = D175884521F714AE00488CE6 /* DeviceView.swift */; };
		D175884821F71E3000488CE6 /* ReactionsView.swift in Sources */ = {isa = PBXBuildFile; fileRef = D175884721F71E3000488CE6 /* ReactionsView.swift */; };
		D175884A21F7368100488CE6 /* PostPollsView.swift in Sources */ = {isa = PBXBuildFile; fileRef = D175884921F7368100488CE6 /* PostPollsView.swift */; };
		D175884C21F73B1000488CE6 /* PostPoll.swift in Sources */ = {isa = PBXBuildFile; fileRef = D175884B21F73B1000488CE6 /* PostPoll.swift */; };
		D175884E21F7433700488CE6 /* ProPostPollObs.swift in Sources */ = {isa = PBXBuildFile; fileRef = D175884D21F7433700488CE6 /* ProPostPollObs.swift */; };
		D17963F721B146EF005311A8 /* VcrUsers.swift in Sources */ = {isa = PBXBuildFile; fileRef = D17963F621B146EF005311A8 /* VcrUsers.swift */; };
		D17963F921B14779005311A8 /* VcrChannels.swift in Sources */ = {isa = PBXBuildFile; fileRef = D17963F821B14779005311A8 /* VcrChannels.swift */; };
		D17963FB21B1509D005311A8 /* SeasonView.swift in Sources */ = {isa = PBXBuildFile; fileRef = D17963FA21B1509D005311A8 /* SeasonView.swift */; };
		D17963FD21B151EB005311A8 /* ProSeasonObs.swift in Sources */ = {isa = PBXBuildFile; fileRef = D17963FC21B151EB005311A8 /* ProSeasonObs.swift */; };
		D17963FF21B15773005311A8 /* Season.swift in Sources */ = {isa = PBXBuildFile; fileRef = D17963FE21B15773005311A8 /* Season.swift */; };
		D179640121B184CE005311A8 /* PagBase.swift in Sources */ = {isa = PBXBuildFile; fileRef = D179640021B184CE005311A8 /* PagBase.swift */; };
		D179640321B18660005311A8 /* PagAccount.swift in Sources */ = {isa = PBXBuildFile; fileRef = D179640221B18660005311A8 /* PagAccount.swift */; };
		D17D2D2A21C942FE002A7178 /* ProUserObs.swift in Sources */ = {isa = PBXBuildFile; fileRef = D17D2D2921C942FE002A7178 /* ProUserObs.swift */; };
		D17DA94321EE228100E933C4 /* LabPostMessage.swift in Sources */ = {isa = PBXBuildFile; fileRef = D17DA94221EE228100E933C4 /* LabPostMessage.swift */; };
		D185534D21E605B700C2DE62 /* ProPostMessageObs.swift in Sources */ = {isa = PBXBuildFile; fileRef = D185534C21E605B600C2DE62 /* ProPostMessageObs.swift */; };
		D185535121E617B200C2DE62 /* CtlPostMessage.swift in Sources */ = {isa = PBXBuildFile; fileRef = D185535021E617B200C2DE62 /* CtlPostMessage.swift */; };
		D185535321E64A8B00C2DE62 /* PostMessage.swift in Sources */ = {isa = PBXBuildFile; fileRef = D185535221E64A8B00C2DE62 /* PostMessage.swift */; };
		D1855E3521DF56F600F812C0 /* VcrPostImages.swift in Sources */ = {isa = PBXBuildFile; fileRef = D1855E3421DF56F600F812C0 /* VcrPostImages.swift */; };
		D1855E3721DF70A700F812C0 /* ProPostFilesObs.swift in Sources */ = {isa = PBXBuildFile; fileRef = D1855E3621DF70A700F812C0 /* ProPostFilesObs.swift */; };
		D1855E3921DF712900F812C0 /* File.swift in Sources */ = {isa = PBXBuildFile; fileRef = D1855E3821DF712900F812C0 /* File.swift */; };
		D1855E3B21DF798000F812C0 /* CvcPostImage.swift in Sources */ = {isa = PBXBuildFile; fileRef = D1855E3A21DF798000F812C0 /* CvcPostImage.swift */; };
		D1855E3D21DF7AD900F812C0 /* CvcPostImage.xib in Resources */ = {isa = PBXBuildFile; fileRef = D1855E3C21DF7AD900F812C0 /* CvcPostImage.xib */; };
		D1855E3F21DFB78B00F812C0 /* TvcPostMessage.xib in Resources */ = {isa = PBXBuildFile; fileRef = D1855E3E21DFB78B00F812C0 /* TvcPostMessage.xib */; };
		D18AC9E421EF699800362523 /* ViePostMessage.swift in Sources */ = {isa = PBXBuildFile; fileRef = D18AC9E321EF699800362523 /* ViePostMessage.swift */; };
		D18B8B7121F621350096941B /* ProCviHeader.swift in Sources */ = {isa = PBXBuildFile; fileRef = D18B8B7021F621350096941B /* ProCviHeader.swift */; };
		D190528B2201FA8600EA1F5F /* ProUserImageObs.swift in Sources */ = {isa = PBXBuildFile; fileRef = D190528A2201FA8600EA1F5F /* ProUserImageObs.swift */; };
		D192985721DCF96800850DF2 /* DeviceUtils.swift in Sources */ = {isa = PBXBuildFile; fileRef = D192985621DCF96800850DF2 /* DeviceUtils.swift */; };
		D192985921DD04D200850DF2 /* DateUtils.swift in Sources */ = {isa = PBXBuildFile; fileRef = D192985821DD04D200850DF2 /* DateUtils.swift */; };
		D192985B21DD1A6600850DF2 /* ProPostsObs.swift in Sources */ = {isa = PBXBuildFile; fileRef = D192985A21DD1A6600850DF2 /* ProPostsObs.swift */; };
		D192985D21DD1DEB00850DF2 /* ProSinglePostObs.swift in Sources */ = {isa = PBXBuildFile; fileRef = D192985C21DD1DEB00850DF2 /* ProSinglePostObs.swift */; };
		D195F6B621CD1F0D001B10CB /* AppUtils.swift in Sources */ = {isa = PBXBuildFile; fileRef = D195F6B521CD1F0D001B10CB /* AppUtils.swift */; };
		D19B3E0F21D625F600BD5F15 /* RankingView.swift in Sources */ = {isa = PBXBuildFile; fileRef = D19B3E0E21D625F600BD5F15 /* RankingView.swift */; };
		D19B3E1121D62CE300BD5F15 /* RankingItem.swift in Sources */ = {isa = PBXBuildFile; fileRef = D19B3E1021D62CE300BD5F15 /* RankingItem.swift */; };
		D19B3E1321D6557B00BD5F15 /* ProRankingObs.swift in Sources */ = {isa = PBXBuildFile; fileRef = D19B3E1221D6557B00BD5F15 /* ProRankingObs.swift */; };
		D19B3E1521D65A6300BD5F15 /* VcrRanking.swift in Sources */ = {isa = PBXBuildFile; fileRef = D19B3E1421D65A6300BD5F15 /* VcrRanking.swift */; };
		D19B3E1921D66FC700BD5F15 /* CvcBase.swift in Sources */ = {isa = PBXBuildFile; fileRef = D19B3E1821D66FC700BD5F15 /* CvcBase.swift */; };
		D19B3E1B21D6705500BD5F15 /* CvcRankingItem.swift in Sources */ = {isa = PBXBuildFile; fileRef = D19B3E1A21D6705500BD5F15 /* CvcRankingItem.swift */; };
		D19F62FD21B830A000726165 /* ChannelView.swift in Sources */ = {isa = PBXBuildFile; fileRef = D19F62FC21B830A000726165 /* ChannelView.swift */; };
		D19F62FF21B8312900726165 /* ProChannelObs.swift in Sources */ = {isa = PBXBuildFile; fileRef = D19F62FE21B8312900726165 /* ProChannelObs.swift */; };
		D1BE6D6721AD60D800114084 /* AppDelegate.swift in Sources */ = {isa = PBXBuildFile; fileRef = D1BE6D6621AD60D800114084 /* AppDelegate.swift */; };
		D1BE6D6C21AD60D800114084 /* Main.storyboard in Resources */ = {isa = PBXBuildFile; fileRef = D1BE6D6A21AD60D800114084 /* Main.storyboard */; };
		D1BE6D6E21AD60EA00114084 /* Assets.xcassets in Resources */ = {isa = PBXBuildFile; fileRef = D1BE6D6D21AD60EA00114084 /* Assets.xcassets */; };
		D1BE6D7121AD60EA00114084 /* LaunchScreen.storyboard in Resources */ = {isa = PBXBuildFile; fileRef = D1BE6D6F21AD60EA00114084 /* LaunchScreen.storyboard */; };
		D1BE6D9721AD7D6100114084 /* Post.swift in Sources */ = {isa = PBXBuildFile; fileRef = D1BE6D9621AD7D6100114084 /* Post.swift */; };
		D1EA26A021F0E51700A85B5F /* TvcPostMessage.swift in Sources */ = {isa = PBXBuildFile; fileRef = D1EA269F21F0E51700A85B5F /* TvcPostMessage.swift */; };
		D1EDE77121BEBBB300FDA751 /* VcrSeasonMenu.swift in Sources */ = {isa = PBXBuildFile; fileRef = D1EDE77021BEBBB300FDA751 /* VcrSeasonMenu.swift */; };
		D1EDE77321BEBCE100FDA751 /* CvcSeasonMenu.swift in Sources */ = {isa = PBXBuildFile; fileRef = D1EDE77221BEBCE100FDA751 /* CvcSeasonMenu.swift */; };
		D5D8A8995F382F955705B5E6 /* Pods_Reggio_Audace.framework in Frameworks */ = {isa = PBXBuildFile; fileRef = 438C1A2158ECE0211B372589 /* Pods_Reggio_Audace.framework */; };
/* End PBXBuildFile section */

/* Begin PBXFileReference section */
		438C1A2158ECE0211B372589 /* Pods_Reggio_Audace.framework */ = {isa = PBXFileReference; explicitFileType = wrapper.framework; includeInIndex = 0; path = Pods_Reggio_Audace.framework; sourceTree = BUILT_PRODUCTS_DIR; };
		52127B2E21B5882E006CE2AB /* Reggio Audace.entitlements */ = {isa = PBXFileReference; lastKnownFileType = text.plist.entitlements; path = "Reggio Audace.entitlements"; sourceTree = "<group>"; };
		526ABD4021B1564B004177CB /* GoogleService-Info.plist */ = {isa = PBXFileReference; fileEncoding = 4; lastKnownFileType = text.plist.xml; path = "GoogleService-Info.plist"; sourceTree = "<group>"; };
		526BF72F21B0450500465AD7 /* CvcSinglePlayerRoster.xib */ = {isa = PBXFileReference; fileEncoding = 4; lastKnownFileType = file.xib; path = CvcSinglePlayerRoster.xib; sourceTree = "<group>"; };
		526BF73121B0452400465AD7 /* CvcRankingItem.xib */ = {isa = PBXFileReference; fileEncoding = 4; lastKnownFileType = file.xib; path = CvcRankingItem.xib; sourceTree = "<group>"; };
		52797B2921DF566900350D7D /* CvcRankingHeader.xib */ = {isa = PBXFileReference; lastKnownFileType = file.xib; path = CvcRankingHeader.xib; sourceTree = "<group>"; };
		527E94F421B06A7B00A8CAD0 /* Info.plist */ = {isa = PBXFileReference; fileEncoding = 4; lastKnownFileType = text.plist.xml; path = Info.plist; sourceTree = "<group>"; };
		5293A14F21B576E90081E805 /* ViePost.xib */ = {isa = PBXFileReference; lastKnownFileType = file.xib; path = ViePost.xib; sourceTree = "<group>"; };
		52A78B2721F1C353000E197E /* ViePageIndicator.xib */ = {isa = PBXFileReference; lastKnownFileType = file.xib; path = ViePageIndicator.xib; sourceTree = "<group>"; };
		52A78B2921F1C3EA000E197E /* CvcHeader.xib */ = {isa = PBXFileReference; lastKnownFileType = file.xib; path = CvcHeader.xib; sourceTree = "<group>"; };
		52B8070621F86A1A009E4C43 /* TvcPostPoll.xib */ = {isa = PBXFileReference; lastKnownFileType = file.xib; path = TvcPostPoll.xib; sourceTree = "<group>"; };
		52E7168221BEBAF8002E1BA1 /* VieCalendar.xib */ = {isa = PBXFileReference; lastKnownFileType = file.xib; path = VieCalendar.xib; sourceTree = "<group>"; };
		52E7168421BEBC82002E1BA1 /* VieClubGranataSingleSponsor.xib */ = {isa = PBXFileReference; lastKnownFileType = file.xib; path = VieClubGranataSingleSponsor.xib; sourceTree = "<group>"; };
		52E7168621BED3F5002E1BA1 /* CvcSeasonMenu.xib */ = {isa = PBXFileReference; fileEncoding = 4; lastKnownFileType = file.xib; path = CvcSeasonMenu.xib; sourceTree = "<group>"; };
		52F650C121B0570000CBD2BE /* big_noodle_titling.ttf */ = {isa = PBXFileReference; lastKnownFileType = file; path = big_noodle_titling.ttf; sourceTree = "<group>"; };
		52F650C321B0603600CBD2BE /* Hind-Regular.ttf */ = {isa = PBXFileReference; lastKnownFileType = file; path = "Hind-Regular.ttf"; sourceTree = "<group>"; };
		52F650C421B0603600CBD2BE /* Hind-Bold.ttf */ = {isa = PBXFileReference; lastKnownFileType = file; path = "Hind-Bold.ttf"; sourceTree = "<group>"; };
		52F650C521B0603600CBD2BE /* Hind-Light.ttf */ = {isa = PBXFileReference; lastKnownFileType = file; path = "Hind-Light.ttf"; sourceTree = "<group>"; };
		52F650C621B0603600CBD2BE /* Hind-SemiBold.ttf */ = {isa = PBXFileReference; lastKnownFileType = file; path = "Hind-SemiBold.ttf"; sourceTree = "<group>"; };
		52F650C721B0603600CBD2BE /* Hind-Medium.ttf */ = {isa = PBXFileReference; lastKnownFileType = file; path = "Hind-Medium.ttf"; sourceTree = "<group>"; };
		544CC687D7D6DCF8A15E205F /* Pods-Reggio Audace.release.xcconfig */ = {isa = PBXFileReference; includeInIndex = 1; lastKnownFileType = text.xcconfig; name = "Pods-Reggio Audace.release.xcconfig"; path = "Pods/Target Support Files/Pods-Reggio Audace/Pods-Reggio Audace.release.xcconfig"; sourceTree = "<group>"; };
		D11B714D21AF0A6600887D2A /* FileView.swift */ = {isa = PBXFileReference; lastKnownFileType = sourcecode.swift; path = FileView.swift; sourceTree = "<group>"; };
		D11B714F21AF0F3600887D2A /* ProFileObs.swift */ = {isa = PBXFileReference; lastKnownFileType = sourcecode.swift; path = ProFileObs.swift; sourceTree = "<group>"; };
		D14D6F2221F21E3300C4B381 /* CviHeader.swift */ = {isa = PBXFileReference; lastKnownFileType = sourcecode.swift; path = CviHeader.swift; sourceTree = "<group>"; };
		D15ABDB121B915C700C980EE /* CtlUserDataReset.swift */ = {isa = PBXFileReference; lastKnownFileType = sourcecode.swift; path = CtlUserDataReset.swift; sourceTree = "<group>"; };
		D15ABDB521B91C8800C980EE /* CtlBase.swift */ = {isa = PBXFileReference; lastKnownFileType = sourcecode.swift; path = CtlBase.swift; sourceTree = "<group>"; };
		D15ABDB721B9202E00C980EE /* VcrMedia.swift */ = {isa = PBXFileReference; lastKnownFileType = sourcecode.swift; path = VcrMedia.swift; sourceTree = "<group>"; };
		D15ABDBB21B9353D00C980EE /* CtlUserData.swift */ = {isa = PBXFileReference; lastKnownFileType = sourcecode.swift; path = CtlUserData.swift; sourceTree = "<group>"; };
		D15EBBE721B698D900835C0B /* LabIndicator.swift */ = {isa = PBXFileReference; lastKnownFileType = sourcecode.swift; path = LabIndicator.swift; sourceTree = "<group>"; };
		D15EBBE921B69A1600835C0B /* SelectorUtils.swift */ = {isa = PBXFileReference; lastKnownFileType = sourcecode.swift; path = SelectorUtils.swift; sourceTree = "<group>"; };
		D15EBBEB21B69B1A00835C0B /* ViePageIndicator.swift */ = {isa = PBXFileReference; lastKnownFileType = sourcecode.swift; path = ViePageIndicator.swift; sourceTree = "<group>"; };
		D15EBBEF21B6A08C00835C0B /* VieBase.swift */ = {isa = PBXFileReference; lastKnownFileType = sourcecode.swift; path = VieBase.swift; sourceTree = "<group>"; };
		D15EBBF121B6C1C400835C0B /* LabBase.swift */ = {isa = PBXFileReference; lastKnownFileType = sourcecode.swift; path = LabBase.swift; sourceTree = "<group>"; };
		D15EBBF321B6C64100835C0B /* ColorUtils.swift */ = {isa = PBXFileReference; lastKnownFileType = sourcecode.swift; path = ColorUtils.swift; sourceTree = "<group>"; };
		D1604EC521F9D46E004C7926 /* BtnRadioBase.swift */ = {isa = PBXFileReference; lastKnownFileType = sourcecode.swift; path = BtnRadioBase.swift; sourceTree = "<group>"; };
		D1604EC721F9D495004C7926 /* BtnRadio.swift */ = {isa = PBXFileReference; lastKnownFileType = sourcecode.swift; path = BtnRadio.swift; sourceTree = "<group>"; };
		D1604EC921FA1D4B004C7926 /* PostPollUserView.swift */ = {isa = PBXFileReference; lastKnownFileType = sourcecode.swift; path = PostPollUserView.swift; sourceTree = "<group>"; };
		D160DC4A21B521F000DAEF67 /* AuthUtils.swift */ = {isa = PBXFileReference; fileEncoding = 4; lastKnownFileType = sourcecode.swift; path = AuthUtils.swift; sourceTree = "<group>"; };
		D160DC4B21B521F000DAEF67 /* StoryboardUtils.swift */ = {isa = PBXFileReference; fileEncoding = 4; lastKnownFileType = sourcecode.swift; path = StoryboardUtils.swift; sourceTree = "<group>"; };
		D160DC4C21B521F000DAEF67 /* UrlUtils.swift */ = {isa = PBXFileReference; fileEncoding = 4; lastKnownFileType = sourcecode.swift; path = UrlUtils.swift; sourceTree = "<group>"; };
		D160DC5021B529A800DAEF67 /* SeasonDay.swift */ = {isa = PBXFileReference; lastKnownFileType = sourcecode.swift; path = SeasonDay.swift; sourceTree = "<group>"; };
		D160DC5421B531B700DAEF67 /* CtlUserLogin.swift */ = {isa = PBXFileReference; lastKnownFileType = sourcecode.swift; path = CtlUserLogin.swift; sourceTree = "<group>"; };
		D160DC5721B5333D00DAEF67 /* TabMain.swift */ = {isa = PBXFileReference; lastKnownFileType = sourcecode.swift; path = TabMain.swift; sourceTree = "<group>"; };
		D160DC5921B5375200DAEF67 /* PagLogin.swift */ = {isa = PBXFileReference; lastKnownFileType = sourcecode.swift; path = PagLogin.swift; sourceTree = "<group>"; };
		D160DC5B21B568BD00DAEF67 /* CtlRegisterUser.swift */ = {isa = PBXFileReference; lastKnownFileType = sourcecode.swift; path = CtlRegisterUser.swift; sourceTree = "<group>"; };
		D1633DC721AFEB7B00D5CE2F /* VcrBase.swift */ = {isa = PBXFileReference; lastKnownFileType = sourcecode.swift; path = VcrBase.swift; sourceTree = "<group>"; };
		D1633DC921AFFDE300D5CE2F /* PagChat.swift */ = {isa = PBXFileReference; lastKnownFileType = sourcecode.swift; path = PagChat.swift; sourceTree = "<group>"; };
		D1633DCD21B0000000D5CE2F /* ProChatObs.swift */ = {isa = PBXFileReference; lastKnownFileType = sourcecode.swift; path = ProChatObs.swift; sourceTree = "<group>"; };
		D1633DCF21B0008A00D5CE2F /* ChatView.swift */ = {isa = PBXFileReference; lastKnownFileType = sourcecode.swift; path = ChatView.swift; sourceTree = "<group>"; };
		D1633DD121B0135100D5CE2F /* Chat.swift */ = {isa = PBXFileReference; lastKnownFileType = sourcecode.swift; path = Chat.swift; sourceTree = "<group>"; };
		D1633DD321B01E9600D5CE2F /* VcrChats.swift */ = {isa = PBXFileReference; lastKnownFileType = sourcecode.swift; path = VcrChats.swift; sourceTree = "<group>"; };
		D1633DD521B0276500D5CE2F /* CvcChat.xib */ = {isa = PBXFileReference; lastKnownFileType = file.xib; path = CvcChat.xib; sourceTree = "<group>"; };
		D1633DD821B02B1700D5CE2F /* CvcChat.swift */ = {isa = PBXFileReference; lastKnownFileType = sourcecode.swift; path = CvcChat.swift; sourceTree = "<group>"; };
		D1640C6C220085D50000D98E /* Reaction.swift */ = {isa = PBXFileReference; lastKnownFileType = sourcecode.swift; path = Reaction.swift; sourceTree = "<group>"; };
		D1640C6E220089A20000D98E /* ProReactionObs.swift */ = {isa = PBXFileReference; lastKnownFileType = sourcecode.swift; path = ProReactionObs.swift; sourceTree = "<group>"; };
		D166B87921F86C9A00B9FD78 /* TvcPostPoll.swift */ = {isa = PBXFileReference; lastKnownFileType = sourcecode.swift; path = TvcPostPoll.swift; sourceTree = "<group>"; };
		D166B87B21F86CDC00B9FD78 /* TvcBase.swift */ = {isa = PBXFileReference; lastKnownFileType = sourcecode.swift; path = TvcBase.swift; sourceTree = "<group>"; };
		D166B87E21F89F9800B9FD78 /* ProPostPollCellObs.swift */ = {isa = PBXFileReference; lastKnownFileType = sourcecode.swift; path = ProPostPollCellObs.swift; sourceTree = "<group>"; };
		D16BBFA521C15F74008AF36E /* Device.swift */ = {isa = PBXFileReference; lastKnownFileType = sourcecode.swift; path = Device.swift; sourceTree = "<group>"; };
		D16BBFA721C160AC008AF36E /* User.swift */ = {isa = PBXFileReference; lastKnownFileType = sourcecode.swift; path = User.swift; sourceTree = "<group>"; };
		D16BBFA921C161FC008AF36E /* UserView.swift */ = {isa = PBXFileReference; lastKnownFileType = sourcecode.swift; path = UserView.swift; sourceTree = "<group>"; };
		D16DEB8721F1D7E20055D8DC /* CvcHeader.swift */ = {isa = PBXFileReference; lastKnownFileType = sourcecode.swift; path = CvcHeader.swift; sourceTree = "<group>"; };
		D171970621BAABD7008D786B /* PagPost.swift */ = {isa = PBXFileReference; lastKnownFileType = sourcecode.swift; path = PagPost.swift; sourceTree = "<group>"; };
		D171970821BAB152008D786B /* ViePost.swift */ = {isa = PBXFileReference; lastKnownFileType = sourcecode.swift; path = ViePost.swift; sourceTree = "<group>"; };
		D171970A21BAB550008D786B /* CtlPost.swift */ = {isa = PBXFileReference; lastKnownFileType = sourcecode.swift; path = CtlPost.swift; sourceTree = "<group>"; };
		D171DB8321FB143E00E08480 /* TbvPostPolls.swift */ = {isa = PBXFileReference; lastKnownFileType = sourcecode.swift; path = TbvPostPolls.swift; sourceTree = "<group>"; };
		D173431721CBCAEA00D8E75E /* PathUtils.swift */ = {isa = PBXFileReference; lastKnownFileType = sourcecode.swift; path = PathUtils.swift; sourceTree = "<group>"; };
		D174231B21AE93AC009AAEFC /* PostsView.swift */ = {isa = PBXFileReference; lastKnownFileType = sourcecode.swift; path = PostsView.swift; sourceTree = "<group>"; };
		D174232221AEAE68009AAEFC /* VcrPosts.swift */ = {isa = PBXFileReference; lastKnownFileType = sourcecode.swift; path = VcrPosts.swift; sourceTree = "<group>"; };
		D174232621AED6BA009AAEFC /* CvcNews.xib */ = {isa = PBXFileReference; fileEncoding = 4; lastKnownFileType = file.xib; path = CvcNews.xib; sourceTree = "<group>"; };
		D174232721AED6BF009AAEFC /* CvcNews.swift */ = {isa = PBXFileReference; fileEncoding = 4; lastKnownFileType = sourcecode.swift; path = CvcNews.swift; sourceTree = "<group>"; };
		D175884521F714AE00488CE6 /* DeviceView.swift */ = {isa = PBXFileReference; lastKnownFileType = sourcecode.swift; path = DeviceView.swift; sourceTree = "<group>"; };
		D175884721F71E3000488CE6 /* ReactionsView.swift */ = {isa = PBXFileReference; lastKnownFileType = sourcecode.swift; path = ReactionsView.swift; sourceTree = "<group>"; };
		D175884921F7368100488CE6 /* PostPollsView.swift */ = {isa = PBXFileReference; lastKnownFileType = sourcecode.swift; path = PostPollsView.swift; sourceTree = "<group>"; };
		D175884B21F73B1000488CE6 /* PostPoll.swift */ = {isa = PBXFileReference; lastKnownFileType = sourcecode.swift; path = PostPoll.swift; sourceTree = "<group>"; };
		D175884D21F7433700488CE6 /* ProPostPollObs.swift */ = {isa = PBXFileReference; lastKnownFileType = sourcecode.swift; path = ProPostPollObs.swift; sourceTree = "<group>"; };
		D17963F621B146EF005311A8 /* VcrUsers.swift */ = {isa = PBXFileReference; lastKnownFileType = sourcecode.swift; path = VcrUsers.swift; sourceTree = "<group>"; };
		D17963F821B14779005311A8 /* VcrChannels.swift */ = {isa = PBXFileReference; lastKnownFileType = sourcecode.swift; path = VcrChannels.swift; sourceTree = "<group>"; };
		D17963FA21B1509D005311A8 /* SeasonView.swift */ = {isa = PBXFileReference; lastKnownFileType = sourcecode.swift; path = SeasonView.swift; sourceTree = "<group>"; };
		D17963FC21B151EB005311A8 /* ProSeasonObs.swift */ = {isa = PBXFileReference; lastKnownFileType = sourcecode.swift; path = ProSeasonObs.swift; sourceTree = "<group>"; };
		D17963FE21B15773005311A8 /* Season.swift */ = {isa = PBXFileReference; lastKnownFileType = sourcecode.swift; path = Season.swift; sourceTree = "<group>"; };
		D179640021B184CE005311A8 /* PagBase.swift */ = {isa = PBXFileReference; lastKnownFileType = sourcecode.swift; path = PagBase.swift; sourceTree = "<group>"; };
		D179640221B18660005311A8 /* PagAccount.swift */ = {isa = PBXFileReference; lastKnownFileType = sourcecode.swift; path = PagAccount.swift; sourceTree = "<group>"; };
		D17D2D2921C942FE002A7178 /* ProUserObs.swift */ = {isa = PBXFileReference; lastKnownFileType = sourcecode.swift; path = ProUserObs.swift; sourceTree = "<group>"; };
		D17DA94221EE228100E933C4 /* LabPostMessage.swift */ = {isa = PBXFileReference; lastKnownFileType = sourcecode.swift; path = LabPostMessage.swift; sourceTree = "<group>"; };
		D185534C21E605B600C2DE62 /* ProPostMessageObs.swift */ = {isa = PBXFileReference; lastKnownFileType = sourcecode.swift; path = ProPostMessageObs.swift; sourceTree = "<group>"; };
		D185535021E617B200C2DE62 /* CtlPostMessage.swift */ = {isa = PBXFileReference; lastKnownFileType = sourcecode.swift; path = CtlPostMessage.swift; sourceTree = "<group>"; };
		D185535221E64A8B00C2DE62 /* PostMessage.swift */ = {isa = PBXFileReference; lastKnownFileType = sourcecode.swift; path = PostMessage.swift; sourceTree = "<group>"; };
		D1855E3421DF56F600F812C0 /* VcrPostImages.swift */ = {isa = PBXFileReference; lastKnownFileType = sourcecode.swift; path = VcrPostImages.swift; sourceTree = "<group>"; };
		D1855E3621DF70A700F812C0 /* ProPostFilesObs.swift */ = {isa = PBXFileReference; lastKnownFileType = sourcecode.swift; path = ProPostFilesObs.swift; sourceTree = "<group>"; };
		D1855E3821DF712900F812C0 /* File.swift */ = {isa = PBXFileReference; lastKnownFileType = sourcecode.swift; path = File.swift; sourceTree = "<group>"; };
		D1855E3A21DF798000F812C0 /* CvcPostImage.swift */ = {isa = PBXFileReference; lastKnownFileType = sourcecode.swift; path = CvcPostImage.swift; sourceTree = "<group>"; };
		D1855E3C21DF7AD900F812C0 /* CvcPostImage.xib */ = {isa = PBXFileReference; lastKnownFileType = file.xib; path = CvcPostImage.xib; sourceTree = "<group>"; };
		D1855E3E21DFB78B00F812C0 /* TvcPostMessage.xib */ = {isa = PBXFileReference; lastKnownFileType = file.xib; path = TvcPostMessage.xib; sourceTree = "<group>"; };
		D18AC9E321EF699800362523 /* ViePostMessage.swift */ = {isa = PBXFileReference; lastKnownFileType = sourcecode.swift; path = ViePostMessage.swift; sourceTree = "<group>"; };
		D18B8B7021F621350096941B /* ProCviHeader.swift */ = {isa = PBXFileReference; lastKnownFileType = sourcecode.swift; path = ProCviHeader.swift; sourceTree = "<group>"; };
		D190528A2201FA8600EA1F5F /* ProUserImageObs.swift */ = {isa = PBXFileReference; lastKnownFileType = sourcecode.swift; path = ProUserImageObs.swift; sourceTree = "<group>"; };
		D192985621DCF96800850DF2 /* DeviceUtils.swift */ = {isa = PBXFileReference; lastKnownFileType = sourcecode.swift; path = DeviceUtils.swift; sourceTree = "<group>"; };
		D192985821DD04D200850DF2 /* DateUtils.swift */ = {isa = PBXFileReference; lastKnownFileType = sourcecode.swift; path = DateUtils.swift; sourceTree = "<group>"; };
		D192985A21DD1A6600850DF2 /* ProPostsObs.swift */ = {isa = PBXFileReference; lastKnownFileType = sourcecode.swift; path = ProPostsObs.swift; sourceTree = "<group>"; };
		D192985C21DD1DEB00850DF2 /* ProSinglePostObs.swift */ = {isa = PBXFileReference; lastKnownFileType = sourcecode.swift; path = ProSinglePostObs.swift; sourceTree = "<group>"; };
		D195F6B521CD1F0D001B10CB /* AppUtils.swift */ = {isa = PBXFileReference; lastKnownFileType = sourcecode.swift; path = AppUtils.swift; sourceTree = "<group>"; };
		D19B3E0E21D625F600BD5F15 /* RankingView.swift */ = {isa = PBXFileReference; lastKnownFileType = sourcecode.swift; path = RankingView.swift; sourceTree = "<group>"; };
		D19B3E1021D62CE300BD5F15 /* RankingItem.swift */ = {isa = PBXFileReference; lastKnownFileType = sourcecode.swift; path = RankingItem.swift; sourceTree = "<group>"; };
		D19B3E1221D6557B00BD5F15 /* ProRankingObs.swift */ = {isa = PBXFileReference; lastKnownFileType = sourcecode.swift; path = ProRankingObs.swift; sourceTree = "<group>"; };
		D19B3E1421D65A6300BD5F15 /* VcrRanking.swift */ = {isa = PBXFileReference; lastKnownFileType = sourcecode.swift; path = VcrRanking.swift; sourceTree = "<group>"; };
		D19B3E1821D66FC700BD5F15 /* CvcBase.swift */ = {isa = PBXFileReference; lastKnownFileType = sourcecode.swift; path = CvcBase.swift; sourceTree = "<group>"; };
		D19B3E1A21D6705500BD5F15 /* CvcRankingItem.swift */ = {isa = PBXFileReference; lastKnownFileType = sourcecode.swift; path = CvcRankingItem.swift; sourceTree = "<group>"; };
		D19F62FC21B830A000726165 /* ChannelView.swift */ = {isa = PBXFileReference; lastKnownFileType = sourcecode.swift; path = ChannelView.swift; sourceTree = "<group>"; };
		D19F62FE21B8312900726165 /* ProChannelObs.swift */ = {isa = PBXFileReference; lastKnownFileType = sourcecode.swift; path = ProChannelObs.swift; sourceTree = "<group>"; };
		D1BE6D6321AD60D800114084 /* Reggio Audace.app */ = {isa = PBXFileReference; explicitFileType = wrapper.application; includeInIndex = 0; path = "Reggio Audace.app"; sourceTree = BUILT_PRODUCTS_DIR; };
		D1BE6D6621AD60D800114084 /* AppDelegate.swift */ = {isa = PBXFileReference; lastKnownFileType = sourcecode.swift; path = AppDelegate.swift; sourceTree = "<group>"; };
		D1BE6D6B21AD60D800114084 /* Base */ = {isa = PBXFileReference; lastKnownFileType = file.storyboard; name = Base; path = Base.lproj/Main.storyboard; sourceTree = "<group>"; };
		D1BE6D6D21AD60EA00114084 /* Assets.xcassets */ = {isa = PBXFileReference; lastKnownFileType = folder.assetcatalog; path = Assets.xcassets; sourceTree = "<group>"; };
		D1BE6D7021AD60EA00114084 /* Base */ = {isa = PBXFileReference; lastKnownFileType = file.storyboard; name = Base; path = Base.lproj/LaunchScreen.storyboard; sourceTree = "<group>"; };
		D1BE6D9621AD7D6100114084 /* Post.swift */ = {isa = PBXFileReference; lastKnownFileType = sourcecode.swift; path = Post.swift; sourceTree = "<group>"; };
		D1EA269F21F0E51700A85B5F /* TvcPostMessage.swift */ = {isa = PBXFileReference; lastKnownFileType = sourcecode.swift; path = TvcPostMessage.swift; sourceTree = "<group>"; };
		D1EDE77021BEBBB300FDA751 /* VcrSeasonMenu.swift */ = {isa = PBXFileReference; lastKnownFileType = sourcecode.swift; path = VcrSeasonMenu.swift; sourceTree = "<group>"; };
		D1EDE77221BEBCE100FDA751 /* CvcSeasonMenu.swift */ = {isa = PBXFileReference; lastKnownFileType = sourcecode.swift; path = CvcSeasonMenu.swift; sourceTree = "<group>"; };
		E806AFB83CF3ABA360FAF618 /* Pods-Reggio Audace.debug.xcconfig */ = {isa = PBXFileReference; includeInIndex = 1; lastKnownFileType = text.xcconfig; name = "Pods-Reggio Audace.debug.xcconfig"; path = "Pods/Target Support Files/Pods-Reggio Audace/Pods-Reggio Audace.debug.xcconfig"; sourceTree = "<group>"; };
/* End PBXFileReference section */

/* Begin PBXFrameworksBuildPhase section */
		D1BE6D6021AD60D800114084 /* Frameworks */ = {
			isa = PBXFrameworksBuildPhase;
			buildActionMask = 2147483647;
			files = (
				D5D8A8995F382F955705B5E6 /* Pods_Reggio_Audace.framework in Frameworks */,
			);
			runOnlyForDeploymentPostprocessing = 0;
		};
/* End PBXFrameworksBuildPhase section */

/* Begin PBXGroup section */
		52F650C221B0576200CBD2BE /* Font */ = {
			isa = PBXGroup;
			children = (
				52F650C121B0570000CBD2BE /* big_noodle_titling.ttf */,
				52F650C421B0603600CBD2BE /* Hind-Bold.ttf */,
				52F650C521B0603600CBD2BE /* Hind-Light.ttf */,
				52F650C721B0603600CBD2BE /* Hind-Medium.ttf */,
				52F650C321B0603600CBD2BE /* Hind-Regular.ttf */,
				52F650C621B0603600CBD2BE /* Hind-SemiBold.ttf */,
			);
			path = Font;
			sourceTree = "<group>";
		};
		740F66140C8470DE6B6460A0 /* Frameworks */ = {
			isa = PBXGroup;
			children = (
				438C1A2158ECE0211B372589 /* Pods_Reggio_Audace.framework */,
			);
			name = Frameworks;
			sourceTree = "<group>";
		};
		8B068B4192118DC85083F5D5 /* Pods */ = {
			isa = PBXGroup;
			children = (
				E806AFB83CF3ABA360FAF618 /* Pods-Reggio Audace.debug.xcconfig */,
				544CC687D7D6DCF8A15E205F /* Pods-Reggio Audace.release.xcconfig */,
			);
			name = Pods;
			sourceTree = "<group>";
		};
		D14D6F2421F21E3D00C4B381 /* CollectionViews */ = {
			isa = PBXGroup;
			children = (
				D14D6F2221F21E3300C4B381 /* CviHeader.swift */,
			);
			path = CollectionViews;
			sourceTree = "<group>";
		};
		D14D6F2521F21E4700C4B381 /* BaseViews */ = {
			isa = PBXGroup;
			children = (
				D171970821BAB152008D786B /* ViePost.swift */,
				D15EBBEF21B6A08C00835C0B /* VieBase.swift */,
				D15EBBEB21B69B1A00835C0B /* ViePageIndicator.swift */,
				D18AC9E321EF699800362523 /* ViePostMessage.swift */,
			);
			path = BaseViews;
			sourceTree = "<group>";
		};
		D15ABDB321B919B800C980EE /* CollectionControllers */ = {
			isa = PBXGroup;
			children = (
				D174232221AEAE68009AAEFC /* VcrPosts.swift */,
				D1633DC721AFEB7B00D5CE2F /* VcrBase.swift */,
				D17963F821B14779005311A8 /* VcrChannels.swift */,
				D1633DD321B01E9600D5CE2F /* VcrChats.swift */,
				D15ABDB721B9202E00C980EE /* VcrMedia.swift */,
				D1855E3421DF56F600F812C0 /* VcrPostImages.swift */,
				D19B3E1421D65A6300BD5F15 /* VcrRanking.swift */,
				D1EDE77021BEBBB300FDA751 /* VcrSeasonMenu.swift */,
				D17963F621B146EF005311A8 /* VcrUsers.swift */,
			);
			path = CollectionControllers;
			sourceTree = "<group>";
		};
		D15EBBE421B68F7B00835C0B /* Views */ = {
			isa = PBXGroup;
			children = (
				D171DB8221FB13B500E08480 /* TableViews */,
				D14D6F2521F21E4700C4B381 /* BaseViews */,
				D14D6F2421F21E3D00C4B381 /* CollectionViews */,
			);
			path = Views;
			sourceTree = "<group>";
		};
		D15EBBE621B6980200835C0B /* Labels */ = {
			isa = PBXGroup;
			children = (
				D15EBBF121B6C1C400835C0B /* LabBase.swift */,
				D15EBBE721B698D900835C0B /* LabIndicator.swift */,
				D17DA94221EE228100E933C4 /* LabPostMessage.swift */,
			);
			path = Labels;
			sourceTree = "<group>";
		};
		D1604EC421F9D436004C7926 /* Buttons */ = {
			isa = PBXGroup;
			children = (
				D171DB8721FB1E8B00E08480 /* RoundShapedButtons */,
			);
			path = Buttons;
			sourceTree = "<group>";
		};
		D160DC4921B521C900DAEF67 /* Utils */ = {
			isa = PBXGroup;
			children = (
				D195F6B521CD1F0D001B10CB /* AppUtils.swift */,
				D160DC4A21B521F000DAEF67 /* AuthUtils.swift */,
				D15EBBF321B6C64100835C0B /* ColorUtils.swift */,
				D192985821DD04D200850DF2 /* DateUtils.swift */,
				D192985621DCF96800850DF2 /* DeviceUtils.swift */,
				D173431721CBCAEA00D8E75E /* PathUtils.swift */,
				D15EBBE921B69A1600835C0B /* SelectorUtils.swift */,
				D160DC4B21B521F000DAEF67 /* StoryboardUtils.swift */,
				D160DC4C21B521F000DAEF67 /* UrlUtils.swift */,
			);
			path = Utils;
			sourceTree = "<group>";
		};
		D160DC5621B532FF00DAEF67 /* TabBarControllers */ = {
			isa = PBXGroup;
			children = (
				D160DC5721B5333D00DAEF67 /* TabMain.swift */,
			);
			path = TabBarControllers;
			sourceTree = "<group>";
		};
		D1633DD721B0298C00D5CE2F /* PageViewControllers */ = {
			isa = PBXGroup;
			children = (
				D1633DC921AFFDE300D5CE2F /* PagChat.swift */,
				D179640021B184CE005311A8 /* PagBase.swift */,
				D179640221B18660005311A8 /* PagAccount.swift */,
				D160DC5921B5375200DAEF67 /* PagLogin.swift */,
				D171970621BAABD7008D786B /* PagPost.swift */,
			);
			path = PageViewControllers;
			sourceTree = "<group>";
		};
		D166B87D21F89F4300B9FD78 /* CellsProtocols */ = {
			isa = PBXGroup;
			children = (
				D166B87E21F89F9800B9FD78 /* ProPostPollCellObs.swift */,
			);
			path = CellsProtocols;
			sourceTree = "<group>";
		};
		D16DEB8621F1D7120055D8DC /* CollectionviewCells */ = {
			isa = PBXGroup;
			children = (
				D19B3E1821D66FC700BD5F15 /* CvcBase.swift */,
				D1633DD821B02B1700D5CE2F /* CvcChat.swift */,
				D174232721AED6BF009AAEFC /* CvcNews.swift */,
				D1855E3A21DF798000F812C0 /* CvcPostImage.swift */,
				D19B3E1A21D6705500BD5F15 /* CvcRankingItem.swift */,
				D1EDE77221BEBCE100FDA751 /* CvcSeasonMenu.swift */,
				D16DEB8721F1D7E20055D8DC /* CvcHeader.swift */,
			);
			path = CollectionviewCells;
			sourceTree = "<group>";
		};
		D171DB8221FB13B500E08480 /* TableViews */ = {
			isa = PBXGroup;
			children = (
				D171DB8321FB143E00E08480 /* TbvPostPolls.swift */,
			);
			path = TableViews;
			sourceTree = "<group>";
		};
		D171DB8721FB1E8B00E08480 /* RoundShapedButtons */ = {
			isa = PBXGroup;
			children = (
				D1604EC521F9D46E004C7926 /* BtnRadioBase.swift */,
				D1604EC721F9D495004C7926 /* BtnRadio.swift */,
			);
			path = RoundShapedButtons;
			sourceTree = "<group>";
		};
		D174231A21AE938F009AAEFC /* Factories */ = {
			isa = PBXGroup;
			children = (
				D19F62FC21B830A000726165 /* ChannelView.swift */,
				D1633DCF21B0008A00D5CE2F /* ChatView.swift */,
				D175884521F714AE00488CE6 /* DeviceView.swift */,
				D11B714D21AF0A6600887D2A /* FileView.swift */,
				D175884921F7368100488CE6 /* PostPollsView.swift */,
				D1604EC921FA1D4B004C7926 /* PostPollUserView.swift */,
				D174231B21AE93AC009AAEFC /* PostsView.swift */,
				D19B3E0E21D625F600BD5F15 /* RankingView.swift */,
				D175884721F71E3000488CE6 /* ReactionsView.swift */,
				D17963FA21B1509D005311A8 /* SeasonView.swift */,
				D16BBFA921C161FC008AF36E /* UserView.swift */,
			);
			path = Factories;
			sourceTree = "<group>";
		};
		D174231D21AEA802009AAEFC /* Protocols */ = {
			isa = PBXGroup;
			children = (
				D166B87D21F89F4300B9FD78 /* CellsProtocols */,
				D18B8B6F21F621080096941B /* ViewProtocols */,
				D18B8B6E21F620DA0096941B /* LibraryProtocols */,
			);
			path = Protocols;
			sourceTree = "<group>";
		};
		D174232021AEAE10009AAEFC /* ViewControllers */ = {
			isa = PBXGroup;
			children = (
				D160DC5621B532FF00DAEF67 /* TabBarControllers */,
				D1EDE76A21BE865F00FDA751 /* Controllers */,
				D15ABDB321B919B800C980EE /* CollectionControllers */,
			);
			path = ViewControllers;
			sourceTree = "<group>";
		};
		D174232A21AED728009AAEFC /* Cells */ = {
			isa = PBXGroup;
			children = (
				D16DEB8621F1D7120055D8DC /* CollectionviewCells */,
				D1EA269E21F0E10C00A85B5F /* TableViewCells */,
			);
			path = Cells;
			sourceTree = "<group>";
		};
		D174232B21AED7C1009AAEFC /* Xib */ = {
			isa = PBXGroup;
			children = (
				D19F62FB21B7DFD000726165 /* Views */,
				D174232C21AED7D4009AAEFC /* Cells */,
			);
			path = Xib;
			sourceTree = "<group>";
		};
		D174232C21AED7D4009AAEFC /* Cells */ = {
			isa = PBXGroup;
			children = (
				D18AC9E221EF643E00362523 /* CollectionViewCells */,
				D17BB20521EF4AA90089ED7E /* TableViewCells */,
			);
			path = Cells;
			sourceTree = "<group>";
		};
		D17BB20521EF4AA90089ED7E /* TableViewCells */ = {
			isa = PBXGroup;
			children = (
				D1855E3E21DFB78B00F812C0 /* TvcPostMessage.xib */,
				52B8070621F86A1A009E4C43 /* TvcPostPoll.xib */,
			);
			path = TableViewCells;
			sourceTree = "<group>";
		};
		D18AC9E221EF643E00362523 /* CollectionViewCells */ = {
			isa = PBXGroup;
			children = (
				D1633DD521B0276500D5CE2F /* CvcChat.xib */,
				D174232621AED6BA009AAEFC /* CvcNews.xib */,
				52797B2921DF566900350D7D /* CvcRankingHeader.xib */,
				526BF73121B0452400465AD7 /* CvcRankingItem.xib */,
				52E7168621BED3F5002E1BA1 /* CvcSeasonMenu.xib */,
				526BF72F21B0450500465AD7 /* CvcSinglePlayerRoster.xib */,
				D1855E3C21DF7AD900F812C0 /* CvcPostImage.xib */,
				52A78B2921F1C3EA000E197E /* CvcHeader.xib */,
			);
			path = CollectionViewCells;
			sourceTree = "<group>";
		};
		D18B8B6E21F620DA0096941B /* LibraryProtocols */ = {
			isa = PBXGroup;
			children = (
				D19F62FE21B8312900726165 /* ProChannelObs.swift */,
				D1633DCD21B0000000D5CE2F /* ProChatObs.swift */,
				D11B714F21AF0F3600887D2A /* ProFileObs.swift */,
				D1855E3621DF70A700F812C0 /* ProPostFilesObs.swift */,
				D185534C21E605B600C2DE62 /* ProPostMessageObs.swift */,
				D175884D21F7433700488CE6 /* ProPostPollObs.swift */,
				D192985A21DD1A6600850DF2 /* ProPostsObs.swift */,
				D19B3E1221D6557B00BD5F15 /* ProRankingObs.swift */,
				D17963FC21B151EB005311A8 /* ProSeasonObs.swift */,
				D192985C21DD1DEB00850DF2 /* ProSinglePostObs.swift */,
				D17D2D2921C942FE002A7178 /* ProUserObs.swift */,
				D1640C6E220089A20000D98E /* ProReactionObs.swift */,
				D190528A2201FA8600EA1F5F /* ProUserImageObs.swift */,
			);
			path = LibraryProtocols;
			sourceTree = "<group>";
		};
		D18B8B6F21F621080096941B /* ViewProtocols */ = {
			isa = PBXGroup;
			children = (
				D18B8B7021F621350096941B /* ProCviHeader.swift */,
			);
			path = ViewProtocols;
			sourceTree = "<group>";
		};
		D19F62FB21B7DFD000726165 /* Views */ = {
			isa = PBXGroup;
			children = (
				5293A14F21B576E90081E805 /* ViePost.xib */,
				52A78B2721F1C353000E197E /* ViePageIndicator.xib */,
			);
			path = Views;
			sourceTree = "<group>";
		};
		D1BE6D5A21AD60D800114084 = {
			isa = PBXGroup;
			children = (
				D1BE6D6521AD60D800114084 /* Reggio Audace */,
				D1BE6D6421AD60D800114084 /* Products */,
				8B068B4192118DC85083F5D5 /* Pods */,
				740F66140C8470DE6B6460A0 /* Frameworks */,
			);
			sourceTree = "<group>";
		};
		D1BE6D6421AD60D800114084 /* Products */ = {
			isa = PBXGroup;
			children = (
				D1BE6D6321AD60D800114084 /* Reggio Audace.app */,
			);
			name = Products;
			sourceTree = "<group>";
		};
		D1BE6D6521AD60D800114084 /* Reggio Audace */ = {
			isa = PBXGroup;
			children = (
				D1BE6D6621AD60D800114084 /* AppDelegate.swift */,
				D1BE6D6D21AD60EA00114084 /* Assets.xcassets */,
				D1604EC421F9D436004C7926 /* Buttons */,
				D174232A21AED728009AAEFC /* Cells */,
				52F650C221B0576200CBD2BE /* Font */,
				526ABD4021B1564B004177CB /* GoogleService-Info.plist */,
				527E94F421B06A7B00A8CAD0 /* Info.plist */,
				D15EBBE621B6980200835C0B /* Labels */,
				D1BE6D6F21AD60EA00114084 /* LaunchScreen.storyboard */,
				D1BE6D9421AD7D2E00114084 /* Library */,
				D1BE6D6A21AD60D800114084 /* Main.storyboard */,
				D1633DD721B0298C00D5CE2F /* PageViewControllers */,
				D174231D21AEA802009AAEFC /* Protocols */,
				52127B2E21B5882E006CE2AB /* Reggio Audace.entitlements */,
				D160DC4921B521C900DAEF67 /* Utils */,
				52E7168221BEBAF8002E1BA1 /* VieCalendar.xib */,
				52E7168421BEBC82002E1BA1 /* VieClubGranataSingleSponsor.xib */,
				D174232021AEAE10009AAEFC /* ViewControllers */,
				D15EBBE421B68F7B00835C0B /* Views */,
				D174232B21AED7C1009AAEFC /* Xib */,
			);
			path = "Reggio Audace";
			sourceTree = "<group>";
		};
		D1BE6D9421AD7D2E00114084 /* Library */ = {
			isa = PBXGroup;
			children = (
				D1BE6D9521AD7D3700114084 /* Entities */,
				D174231A21AE938F009AAEFC /* Factories */,
			);
			path = Library;
			sourceTree = "<group>";
		};
		D1BE6D9521AD7D3700114084 /* Entities */ = {
			isa = PBXGroup;
			children = (
				D16BBFA521C15F74008AF36E /* Device.swift */,
				D1BE6D9621AD7D6100114084 /* Post.swift */,
				D1633DD121B0135100D5CE2F /* Chat.swift */,
				D17963FE21B15773005311A8 /* Season.swift */,
				D160DC5021B529A800DAEF67 /* SeasonDay.swift */,
				D16BBFA721C160AC008AF36E /* User.swift */,
				D19B3E1021D62CE300BD5F15 /* RankingItem.swift */,
				D1855E3821DF712900F812C0 /* File.swift */,
				D185535221E64A8B00C2DE62 /* PostMessage.swift */,
				D175884B21F73B1000488CE6 /* PostPoll.swift */,
				D1640C6C220085D50000D98E /* Reaction.swift */,
			);
			path = Entities;
			sourceTree = "<group>";
		};
		D1EA269E21F0E10C00A85B5F /* TableViewCells */ = {
			isa = PBXGroup;
			children = (
				D1EA269F21F0E51700A85B5F /* TvcPostMessage.swift */,
				D166B87921F86C9A00B9FD78 /* TvcPostPoll.swift */,
				D166B87B21F86CDC00B9FD78 /* TvcBase.swift */,
			);
			path = TableViewCells;
			sourceTree = "<group>";
		};
		D1EDE76A21BE865F00FDA751 /* Controllers */ = {
			isa = PBXGroup;
			children = (
				D15ABDB521B91C8800C980EE /* CtlBase.swift */,
				D171970A21BAB550008D786B /* CtlPost.swift */,
				D185535021E617B200C2DE62 /* CtlPostMessage.swift */,
				D160DC5B21B568BD00DAEF67 /* CtlRegisterUser.swift */,
				D15ABDBB21B9353D00C980EE /* CtlUserData.swift */,
				D15ABDB121B915C700C980EE /* CtlUserDataReset.swift */,
				D160DC5421B531B700DAEF67 /* CtlUserLogin.swift */,
			);
			path = Controllers;
			sourceTree = "<group>";
		};
/* End PBXGroup section */

/* Begin PBXNativeTarget section */
		D1BE6D6221AD60D800114084 /* Reggio Audace */ = {
			isa = PBXNativeTarget;
			buildConfigurationList = D1BE6D8B21AD60EB00114084 /* Build configuration list for PBXNativeTarget "Reggio Audace" */;
			buildPhases = (
				DC80AA0E310A3F8C1BEFA016 /* [CP] Check Pods Manifest.lock */,
				D1BE6D5F21AD60D800114084 /* Sources */,
				D1BE6D6021AD60D800114084 /* Frameworks */,
				D1BE6D6121AD60D800114084 /* Resources */,
				800AA17034CFC9D2B5DFDD1E /* [CP] Embed Pods Frameworks */,
				A9A04BFDB2555DD82DAC0959 /* [CP] Copy Pods Resources */,
			);
			buildRules = (
			);
			dependencies = (
			);
			name = "Reggio Audace";
			productName = "Reggio Audace";
			productReference = D1BE6D6321AD60D800114084 /* Reggio Audace.app */;
			productType = "com.apple.product-type.application";
		};
/* End PBXNativeTarget section */

/* Begin PBXProject section */
		D1BE6D5B21AD60D800114084 /* Project object */ = {
			isa = PBXProject;
			attributes = {
				LastSwiftUpdateCheck = 1010;
				LastUpgradeCheck = 1010;
				ORGANIZATIONNAME = "LEN Solution";
				TargetAttributes = {
					D1BE6D6221AD60D800114084 = {
						CreatedOnToolsVersion = 10.1;
						SystemCapabilities = {
							com.apple.BackgroundModes = {
								enabled = 1;
							};
							com.apple.Push = {
								enabled = 1;
							};
							com.apple.Siri = {
								enabled = 1;
							};
						};
					};
				};
			};
			buildConfigurationList = D1BE6D5E21AD60D800114084 /* Build configuration list for PBXProject "Reggio Audace" */;
			compatibilityVersion = "Xcode 9.3";
			developmentRegion = Base;
			hasScannedForEncodings = 0;
			knownRegions = (
				en,
				Base,
			);
			mainGroup = D1BE6D5A21AD60D800114084;
			productRefGroup = D1BE6D6421AD60D800114084 /* Products */;
			projectDirPath = "";
			projectRoot = "";
			targets = (
				D1BE6D6221AD60D800114084 /* Reggio Audace */,
			);
		};
/* End PBXProject section */

/* Begin PBXResourcesBuildPhase section */
		D1BE6D6121AD60D800114084 /* Resources */ = {
			isa = PBXResourcesBuildPhase;
			buildActionMask = 2147483647;
			files = (
				D1BE6D7121AD60EA00114084 /* LaunchScreen.storyboard in Resources */,
				D174232821AED6C1009AAEFC /* CvcNews.xib in Resources */,
				D1633DD621B0276500D5CE2F /* CvcChat.xib in Resources */,
				52E7168521BEBC82002E1BA1 /* VieClubGranataSingleSponsor.xib in Resources */,
				5232497A21BEB99D00174439 /* (null) in Resources */,
				52B8070721F86A1A009E4C43 /* TvcPostPoll.xib in Resources */,
				D1BE6D6E21AD60EA00114084 /* Assets.xcassets in Resources */,
				527E94F121B0648900A8CAD0 /* Hind-Medium.ttf in Resources */,
				527E94EF21B0648400A8CAD0 /* Hind-Bold.ttf in Resources */,
				527E94F321B0648E00A8CAD0 /* Hind-SemiBold.ttf in Resources */,
				527E94F221B0648C00A8CAD0 /* Hind-Regular.ttf in Resources */,
				52A78B2821F1C353000E197E /* ViePageIndicator.xib in Resources */,
				527E94F021B0648700A8CAD0 /* Hind-Light.ttf in Resources */,
				52E7168321BEBAF8002E1BA1 /* VieCalendar.xib in Resources */,
				527E94EE21B0648200A8CAD0 /* big_noodle_titling.ttf in Resources */,
				52797B2A21DF566900350D7D /* CvcRankingHeader.xib in Resources */,
				D1855E3F21DFB78B00F812C0 /* TvcPostMessage.xib in Resources */,
				5232497C21BEB9A300174439 /* (null) in Resources */,
				526BF73021B0450500465AD7 /* CvcSinglePlayerRoster.xib in Resources */,
				526BF73221B0452400465AD7 /* CvcRankingItem.xib in Resources */,
				5293A15021B576E90081E805 /* ViePost.xib in Resources */,
				52E7168721BED3F6002E1BA1 /* CvcSeasonMenu.xib in Resources */,
				D1BE6D6C21AD60D800114084 /* Main.storyboard in Resources */,
				52A78B2A21F1C3EA000E197E /* CvcHeader.xib in Resources */,
				526ABD4121B1564B004177CB /* GoogleService-Info.plist in Resources */,
				D1855E3D21DF7AD900F812C0 /* CvcPostImage.xib in Resources */,
			);
			runOnlyForDeploymentPostprocessing = 0;
		};
/* End PBXResourcesBuildPhase section */

/* Begin PBXShellScriptBuildPhase section */
		800AA17034CFC9D2B5DFDD1E /* [CP] Embed Pods Frameworks */ = {
			isa = PBXShellScriptBuildPhase;
			buildActionMask = 2147483647;
			files = (
			);
			inputFileListPaths = (
			);
			inputPaths = (
				"${SRCROOT}/Pods/Target Support Files/Pods-Reggio Audace/Pods-Reggio Audace-frameworks.sh",
				"${BUILT_PRODUCTS_DIR}/Bolts/Bolts.framework",
				"${BUILT_PRODUCTS_DIR}/BoringSSL/openssl.framework",
				"${BUILT_PRODUCTS_DIR}/FBSDKCoreKit/FBSDKCoreKit.framework",
				"${BUILT_PRODUCTS_DIR}/FBSDKLoginKit/FBSDKLoginKit.framework",
				"${BUILT_PRODUCTS_DIR}/GTMSessionFetcher/GTMSessionFetcher.framework",
				"${BUILT_PRODUCTS_DIR}/GoogleToolboxForMac/GoogleToolboxForMac.framework",
				"${BUILT_PRODUCTS_DIR}/GoogleUtilities/GoogleUtilities.framework",
				"${BUILT_PRODUCTS_DIR}/Protobuf/Protobuf.framework",
				"${BUILT_PRODUCTS_DIR}/SDWebImage/SDWebImage.framework",
				"${PODS_ROOT}/TwitterCore/iOS/TwitterCore.framework",
				"${PODS_ROOT}/TwitterKit/iOS/TwitterKit.framework",
				"${BUILT_PRODUCTS_DIR}/gRPC-C++/grpcpp.framework",
				"${BUILT_PRODUCTS_DIR}/gRPC-Core/grpc.framework",
				"${BUILT_PRODUCTS_DIR}/leveldb-library/leveldb.framework",
				"${BUILT_PRODUCTS_DIR}/nanopb/nanopb.framework",
			);
			name = "[CP] Embed Pods Frameworks";
			outputFileListPaths = (
			);
			outputPaths = (
				"${TARGET_BUILD_DIR}/${FRAMEWORKS_FOLDER_PATH}/Bolts.framework",
				"${TARGET_BUILD_DIR}/${FRAMEWORKS_FOLDER_PATH}/openssl.framework",
				"${TARGET_BUILD_DIR}/${FRAMEWORKS_FOLDER_PATH}/FBSDKCoreKit.framework",
				"${TARGET_BUILD_DIR}/${FRAMEWORKS_FOLDER_PATH}/FBSDKLoginKit.framework",
				"${TARGET_BUILD_DIR}/${FRAMEWORKS_FOLDER_PATH}/GTMSessionFetcher.framework",
				"${TARGET_BUILD_DIR}/${FRAMEWORKS_FOLDER_PATH}/GoogleToolboxForMac.framework",
				"${TARGET_BUILD_DIR}/${FRAMEWORKS_FOLDER_PATH}/GoogleUtilities.framework",
				"${TARGET_BUILD_DIR}/${FRAMEWORKS_FOLDER_PATH}/Protobuf.framework",
				"${TARGET_BUILD_DIR}/${FRAMEWORKS_FOLDER_PATH}/SDWebImage.framework",
				"${TARGET_BUILD_DIR}/${FRAMEWORKS_FOLDER_PATH}/TwitterCore.framework",
				"${TARGET_BUILD_DIR}/${FRAMEWORKS_FOLDER_PATH}/TwitterKit.framework",
				"${TARGET_BUILD_DIR}/${FRAMEWORKS_FOLDER_PATH}/grpcpp.framework",
				"${TARGET_BUILD_DIR}/${FRAMEWORKS_FOLDER_PATH}/grpc.framework",
				"${TARGET_BUILD_DIR}/${FRAMEWORKS_FOLDER_PATH}/leveldb.framework",
				"${TARGET_BUILD_DIR}/${FRAMEWORKS_FOLDER_PATH}/nanopb.framework",
			);
			runOnlyForDeploymentPostprocessing = 0;
			shellPath = /bin/sh;
			shellScript = "\"${SRCROOT}/Pods/Target Support Files/Pods-Reggio Audace/Pods-Reggio Audace-frameworks.sh\"\n";
			showEnvVarsInLog = 0;
		};
		A9A04BFDB2555DD82DAC0959 /* [CP] Copy Pods Resources */ = {
			isa = PBXShellScriptBuildPhase;
			buildActionMask = 2147483647;
			files = (
			);
			inputFileListPaths = (
			);
			inputPaths = (
				"${SRCROOT}/Pods/Target Support Files/Pods-Reggio Audace/Pods-Reggio Audace-resources.sh",
				"${PODS_CONFIGURATION_BUILD_DIR}/FirebaseFirestore/gRPCCertificates.bundle",
				"${PODS_CONFIGURATION_BUILD_DIR}/FirebaseUI/FirebaseAnonymousAuthUI.bundle",
				"${PODS_CONFIGURATION_BUILD_DIR}/FirebaseUI/FirebaseAuthUI.bundle",
				"${PODS_CONFIGURATION_BUILD_DIR}/FirebaseUI/FirebaseFacebookAuthUI.bundle",
				"${PODS_CONFIGURATION_BUILD_DIR}/FirebaseUI/FirebaseGoogleAuthUI.bundle",
				"${PODS_CONFIGURATION_BUILD_DIR}/FirebaseUI/FirebasePhoneAuthUI.bundle",
				"${PODS_CONFIGURATION_BUILD_DIR}/FirebaseUI/FirebaseTwitterAuthUI.bundle",
				"${PODS_ROOT}/GoogleSignIn/Resources/GoogleSignIn.bundle",
				"${PODS_ROOT}/TwitterKit/iOS/TwitterKit.framework/TwitterKitResources.bundle",
			);
			name = "[CP] Copy Pods Resources";
			outputFileListPaths = (
			);
			outputPaths = (
				"${TARGET_BUILD_DIR}/${UNLOCALIZED_RESOURCES_FOLDER_PATH}/gRPCCertificates.bundle",
				"${TARGET_BUILD_DIR}/${UNLOCALIZED_RESOURCES_FOLDER_PATH}/FirebaseAnonymousAuthUI.bundle",
				"${TARGET_BUILD_DIR}/${UNLOCALIZED_RESOURCES_FOLDER_PATH}/FirebaseAuthUI.bundle",
				"${TARGET_BUILD_DIR}/${UNLOCALIZED_RESOURCES_FOLDER_PATH}/FirebaseFacebookAuthUI.bundle",
				"${TARGET_BUILD_DIR}/${UNLOCALIZED_RESOURCES_FOLDER_PATH}/FirebaseGoogleAuthUI.bundle",
				"${TARGET_BUILD_DIR}/${UNLOCALIZED_RESOURCES_FOLDER_PATH}/FirebasePhoneAuthUI.bundle",
				"${TARGET_BUILD_DIR}/${UNLOCALIZED_RESOURCES_FOLDER_PATH}/FirebaseTwitterAuthUI.bundle",
				"${TARGET_BUILD_DIR}/${UNLOCALIZED_RESOURCES_FOLDER_PATH}/GoogleSignIn.bundle",
				"${TARGET_BUILD_DIR}/${UNLOCALIZED_RESOURCES_FOLDER_PATH}/TwitterKitResources.bundle",
			);
			runOnlyForDeploymentPostprocessing = 0;
			shellPath = /bin/sh;
			shellScript = "\"${SRCROOT}/Pods/Target Support Files/Pods-Reggio Audace/Pods-Reggio Audace-resources.sh\"\n";
			showEnvVarsInLog = 0;
		};
		DC80AA0E310A3F8C1BEFA016 /* [CP] Check Pods Manifest.lock */ = {
			isa = PBXShellScriptBuildPhase;
			buildActionMask = 2147483647;
			files = (
			);
			inputFileListPaths = (
			);
			inputPaths = (
				"${PODS_PODFILE_DIR_PATH}/Podfile.lock",
				"${PODS_ROOT}/Manifest.lock",
			);
			name = "[CP] Check Pods Manifest.lock";
			outputFileListPaths = (
			);
			outputPaths = (
				"$(DERIVED_FILE_DIR)/Pods-Reggio Audace-checkManifestLockResult.txt",
			);
			runOnlyForDeploymentPostprocessing = 0;
			shellPath = /bin/sh;
			shellScript = "diff \"${PODS_PODFILE_DIR_PATH}/Podfile.lock\" \"${PODS_ROOT}/Manifest.lock\" > /dev/null\nif [ $? != 0 ] ; then\n    # print error to STDERR\n    echo \"error: The sandbox is not in sync with the Podfile.lock. Run 'pod install' or update your CocoaPods installation.\" >&2\n    exit 1\nfi\n# This output is used by Xcode 'outputs' to avoid re-running this script phase.\necho \"SUCCESS\" > \"${SCRIPT_OUTPUT_FILE_0}\"\n";
			showEnvVarsInLog = 0;
		};
/* End PBXShellScriptBuildPhase section */

/* Begin PBXSourcesBuildPhase section */
		D1BE6D5F21AD60D800114084 /* Sources */ = {
			isa = PBXSourcesBuildPhase;
			buildActionMask = 2147483647;
			files = (
				D19B3E1321D6557B00BD5F15 /* ProRankingObs.swift in Sources */,
				D190528B2201FA8600EA1F5F /* ProUserImageObs.swift in Sources */,
				D160DC5A21B5375200DAEF67 /* PagLogin.swift in Sources */,
				D17963F921B14779005311A8 /* VcrChannels.swift in Sources */,
				D14D6F2321F21E3300C4B381 /* CviHeader.swift in Sources */,
				D1633DD221B0135100D5CE2F /* Chat.swift in Sources */,
				D160DC5C21B568BD00DAEF67 /* CtlRegisterUser.swift in Sources */,
				D160DC5121B529A800DAEF67 /* SeasonDay.swift in Sources */,
				D15ABDB221B915C700C980EE /* CtlUserDataReset.swift in Sources */,
				D1604ECA21FA1D4B004C7926 /* PostPollUserView.swift in Sources */,
				D171970921BAB152008D786B /* ViePost.swift in Sources */,
				D1633DD021B0008A00D5CE2F /* ChatView.swift in Sources */,
				D192985921DD04D200850DF2 /* DateUtils.swift in Sources */,
				D11B715021AF0F3600887D2A /* ProFileObs.swift in Sources */,
				D185535121E617B200C2DE62 /* CtlPostMessage.swift in Sources */,
				D195F6B621CD1F0D001B10CB /* AppUtils.swift in Sources */,
				D166B87C21F86CDC00B9FD78 /* TvcBase.swift in Sources */,
				D15ABDB821B9202E00C980EE /* VcrMedia.swift in Sources */,
				D18AC9E421EF699800362523 /* ViePostMessage.swift in Sources */,
				D1855E3721DF70A700F812C0 /* ProPostFilesObs.swift in Sources */,
				D1BE6D6721AD60D800114084 /* AppDelegate.swift in Sources */,
				D1633DD421B01E9600D5CE2F /* VcrChats.swift in Sources */,
				D15EBBF221B6C1C400835C0B /* LabBase.swift in Sources */,
				D192985D21DD1DEB00850DF2 /* ProSinglePostObs.swift in Sources */,
				D185534D21E605B700C2DE62 /* ProPostMessageObs.swift in Sources */,
				D1855E3B21DF798000F812C0 /* CvcPostImage.swift in Sources */,
				D160DC4F21B521F000DAEF67 /* UrlUtils.swift in Sources */,
				D174232321AEAE68009AAEFC /* VcrPosts.swift in Sources */,
				D179640121B184CE005311A8 /* PagBase.swift in Sources */,
				D1855E3521DF56F600F812C0 /* VcrPostImages.swift in Sources */,
				D166B87A21F86C9A00B9FD78 /* TvcPostPoll.swift in Sources */,
				D1BE6D9721AD7D6100114084 /* Post.swift in Sources */,
				D173431821CBCAEA00D8E75E /* PathUtils.swift in Sources */,
				D1604EC821F9D495004C7926 /* BtnRadio.swift in Sources */,
				D15ABDBC21B9353D00C980EE /* CtlUserData.swift in Sources */,
				D15EBBF021B6A08C00835C0B /* VieBase.swift in Sources */,
				D1EDE77121BEBBB300FDA751 /* VcrSeasonMenu.swift in Sources */,
				D16DEB8821F1D7E20055D8DC /* CvcHeader.swift in Sources */,
				D175884C21F73B1000488CE6 /* PostPoll.swift in Sources */,
				D1640C6D220085D50000D98E /* Reaction.swift in Sources */,
				D17963FD21B151EB005311A8 /* ProSeasonObs.swift in Sources */,
				D1EA26A021F0E51700A85B5F /* TvcPostMessage.swift in Sources */,
				D19B3E1521D65A6300BD5F15 /* VcrRanking.swift in Sources */,
				D1604EC621F9D46E004C7926 /* BtnRadioBase.swift in Sources */,
				D16BBFAA21C161FC008AF36E /* UserView.swift in Sources */,
				D1855E3921DF712900F812C0 /* File.swift in Sources */,
				D160DC4E21B521F000DAEF67 /* StoryboardUtils.swift in Sources */,
				D174232921AED6C1009AAEFC /* CvcNews.swift in Sources */,
				D15EBBEC21B69B1A00835C0B /* ViePageIndicator.swift in Sources */,
				D17963FB21B1509D005311A8 /* SeasonView.swift in Sources */,
				D1EDE77321BEBCE100FDA751 /* CvcSeasonMenu.swift in Sources */,
				D160DC4D21B521F000DAEF67 /* AuthUtils.swift in Sources */,
				D11B714E21AF0A6600887D2A /* FileView.swift in Sources */,
				D19B3E0F21D625F600BD5F15 /* RankingView.swift in Sources */,
				D17D2D2A21C942FE002A7178 /* ProUserObs.swift in Sources */,
				D171970721BAABD7008D786B /* PagPost.swift in Sources */,
				D175884E21F7433700488CE6 /* ProPostPollObs.swift in Sources */,
				D17DA94321EE228100E933C4 /* LabPostMessage.swift in Sources */,
				D171DB8421FB143F00E08480 /* TbvPostPolls.swift in Sources */,
				D160DC5821B5333D00DAEF67 /* TabMain.swift in Sources */,
				D17963FF21B15773005311A8 /* Season.swift in Sources */,
				D19B3E1121D62CE300BD5F15 /* RankingItem.swift in Sources */,
				D192985B21DD1A6600850DF2 /* ProPostsObs.swift in Sources */,
				D17963F721B146EF005311A8 /* VcrUsers.swift in Sources */,
				D175884621F714AE00488CE6 /* DeviceView.swift in Sources */,
				D171970B21BAB550008D786B /* CtlPost.swift in Sources */,
				D1633DC821AFEB7B00D5CE2F /* VcrBase.swift in Sources */,
				D175884A21F7368100488CE6 /* PostPollsView.swift in Sources */,
				D192985721DCF96800850DF2 /* DeviceUtils.swift in Sources */,
				D15ABDB621B91C8800C980EE /* CtlBase.swift in Sources */,
				D1633DD921B02B1700D5CE2F /* CvcChat.swift in Sources */,
				D18B8B7121F621350096941B /* ProCviHeader.swift in Sources */,
				D1640C6F220089A20000D98E /* ProReactionObs.swift in Sources */,
				D19F62FD21B830A000726165 /* ChannelView.swift in Sources */,
				D15EBBF421B6C64100835C0B /* ColorUtils.swift in Sources */,
				D19B3E1921D66FC700BD5F15 /* CvcBase.swift in Sources */,
				D175884821F71E3000488CE6 /* ReactionsView.swift in Sources */,
				D19B3E1B21D6705500BD5F15 /* CvcRankingItem.swift in Sources */,
				D15EBBE821B698D900835C0B /* LabIndicator.swift in Sources */,
				D16BBFA821C160AC008AF36E /* User.swift in Sources */,
				D160DC5521B531B700DAEF67 /* CtlUserLogin.swift in Sources */,
				D19F62FF21B8312900726165 /* ProChannelObs.swift in Sources */,
				D166B87F21F89F9800B9FD78 /* ProPostPollCellObs.swift in Sources */,
				D179640321B18660005311A8 /* PagAccount.swift in Sources */,
				D1633DCE21B0000000D5CE2F /* ProChatObs.swift in Sources */,
				D15EBBEA21B69A1600835C0B /* SelectorUtils.swift in Sources */,
				D185535321E64A8B00C2DE62 /* PostMessage.swift in Sources */,
				D174231C21AE93AC009AAEFC /* PostsView.swift in Sources */,
				D1633DCB21AFFDE300D5CE2F /* PagChat.swift in Sources */,
				D16BBFA621C15F74008AF36E /* Device.swift in Sources */,
			);
			runOnlyForDeploymentPostprocessing = 0;
		};
/* End PBXSourcesBuildPhase section */

/* Begin PBXVariantGroup section */
		D1BE6D6A21AD60D800114084 /* Main.storyboard */ = {
			isa = PBXVariantGroup;
			children = (
				D1BE6D6B21AD60D800114084 /* Base */,
			);
			name = Main.storyboard;
			sourceTree = "<group>";
		};
		D1BE6D6F21AD60EA00114084 /* LaunchScreen.storyboard */ = {
			isa = PBXVariantGroup;
			children = (
				D1BE6D7021AD60EA00114084 /* Base */,
			);
			name = LaunchScreen.storyboard;
			sourceTree = "<group>";
		};
/* End PBXVariantGroup section */

/* Begin XCBuildConfiguration section */
		D1BE6D8921AD60EB00114084 /* Debug */ = {
			isa = XCBuildConfiguration;
			buildSettings = {
				ALWAYS_SEARCH_USER_PATHS = NO;
				CLANG_ANALYZER_NONNULL = YES;
				CLANG_ANALYZER_NUMBER_OBJECT_CONVERSION = YES_AGGRESSIVE;
				CLANG_CXX_LANGUAGE_STANDARD = "gnu++14";
				CLANG_CXX_LIBRARY = "libc++";
				CLANG_ENABLE_MODULES = YES;
				CLANG_ENABLE_OBJC_ARC = YES;
				CLANG_ENABLE_OBJC_WEAK = YES;
				CLANG_WARN_BLOCK_CAPTURE_AUTORELEASING = YES;
				CLANG_WARN_BOOL_CONVERSION = YES;
				CLANG_WARN_COMMA = YES;
				CLANG_WARN_CONSTANT_CONVERSION = YES;
				CLANG_WARN_DEPRECATED_OBJC_IMPLEMENTATIONS = YES;
				CLANG_WARN_DIRECT_OBJC_ISA_USAGE = YES_ERROR;
				CLANG_WARN_DOCUMENTATION_COMMENTS = YES;
				CLANG_WARN_EMPTY_BODY = YES;
				CLANG_WARN_ENUM_CONVERSION = YES;
				CLANG_WARN_INFINITE_RECURSION = YES;
				CLANG_WARN_INT_CONVERSION = YES;
				CLANG_WARN_NON_LITERAL_NULL_CONVERSION = YES;
				CLANG_WARN_OBJC_IMPLICIT_RETAIN_SELF = YES;
				CLANG_WARN_OBJC_LITERAL_CONVERSION = YES;
				CLANG_WARN_OBJC_ROOT_CLASS = YES_ERROR;
				CLANG_WARN_RANGE_LOOP_ANALYSIS = YES;
				CLANG_WARN_STRICT_PROTOTYPES = YES;
				CLANG_WARN_SUSPICIOUS_MOVE = YES;
				CLANG_WARN_UNGUARDED_AVAILABILITY = YES_AGGRESSIVE;
				CLANG_WARN_UNREACHABLE_CODE = YES;
				CLANG_WARN__DUPLICATE_METHOD_MATCH = YES;
				CODE_SIGN_IDENTITY = "iPhone Developer";
				COPY_PHASE_STRIP = NO;
				DEBUG_INFORMATION_FORMAT = dwarf;
				ENABLE_STRICT_OBJC_MSGSEND = YES;
				ENABLE_TESTABILITY = YES;
				GCC_C_LANGUAGE_STANDARD = gnu11;
				GCC_DYNAMIC_NO_PIC = NO;
				GCC_NO_COMMON_BLOCKS = YES;
				GCC_OPTIMIZATION_LEVEL = 0;
				GCC_PREPROCESSOR_DEFINITIONS = (
					"DEBUG=1",
					"$(inherited)",
				);
				GCC_WARN_64_TO_32_BIT_CONVERSION = YES;
				GCC_WARN_ABOUT_RETURN_TYPE = YES_ERROR;
				GCC_WARN_UNDECLARED_SELECTOR = YES;
				GCC_WARN_UNINITIALIZED_AUTOS = YES_AGGRESSIVE;
				GCC_WARN_UNUSED_FUNCTION = YES;
				GCC_WARN_UNUSED_VARIABLE = YES;
				IPHONEOS_DEPLOYMENT_TARGET = 11.4;
				MTL_ENABLE_DEBUG_INFO = INCLUDE_SOURCE;
				MTL_FAST_MATH = YES;
				ONLY_ACTIVE_ARCH = YES;
				SDKROOT = iphoneos;
				SWIFT_ACTIVE_COMPILATION_CONDITIONS = DEBUG;
				SWIFT_OPTIMIZATION_LEVEL = "-Onone";
			};
			name = Debug;
		};
		D1BE6D8A21AD60EB00114084 /* Release */ = {
			isa = XCBuildConfiguration;
			buildSettings = {
				ALWAYS_SEARCH_USER_PATHS = NO;
				CLANG_ANALYZER_NONNULL = YES;
				CLANG_ANALYZER_NUMBER_OBJECT_CONVERSION = YES_AGGRESSIVE;
				CLANG_CXX_LANGUAGE_STANDARD = "gnu++14";
				CLANG_CXX_LIBRARY = "libc++";
				CLANG_ENABLE_MODULES = YES;
				CLANG_ENABLE_OBJC_ARC = YES;
				CLANG_ENABLE_OBJC_WEAK = YES;
				CLANG_WARN_BLOCK_CAPTURE_AUTORELEASING = YES;
				CLANG_WARN_BOOL_CONVERSION = YES;
				CLANG_WARN_COMMA = YES;
				CLANG_WARN_CONSTANT_CONVERSION = YES;
				CLANG_WARN_DEPRECATED_OBJC_IMPLEMENTATIONS = YES;
				CLANG_WARN_DIRECT_OBJC_ISA_USAGE = YES_ERROR;
				CLANG_WARN_DOCUMENTATION_COMMENTS = YES;
				CLANG_WARN_EMPTY_BODY = YES;
				CLANG_WARN_ENUM_CONVERSION = YES;
				CLANG_WARN_INFINITE_RECURSION = YES;
				CLANG_WARN_INT_CONVERSION = YES;
				CLANG_WARN_NON_LITERAL_NULL_CONVERSION = YES;
				CLANG_WARN_OBJC_IMPLICIT_RETAIN_SELF = YES;
				CLANG_WARN_OBJC_LITERAL_CONVERSION = YES;
				CLANG_WARN_OBJC_ROOT_CLASS = YES_ERROR;
				CLANG_WARN_RANGE_LOOP_ANALYSIS = YES;
				CLANG_WARN_STRICT_PROTOTYPES = YES;
				CLANG_WARN_SUSPICIOUS_MOVE = YES;
				CLANG_WARN_UNGUARDED_AVAILABILITY = YES_AGGRESSIVE;
				CLANG_WARN_UNREACHABLE_CODE = YES;
				CLANG_WARN__DUPLICATE_METHOD_MATCH = YES;
				CODE_SIGN_IDENTITY = "iPhone Developer";
				COPY_PHASE_STRIP = NO;
				DEBUG_INFORMATION_FORMAT = "dwarf-with-dsym";
				ENABLE_NS_ASSERTIONS = NO;
				ENABLE_STRICT_OBJC_MSGSEND = YES;
				GCC_C_LANGUAGE_STANDARD = gnu11;
				GCC_NO_COMMON_BLOCKS = YES;
				GCC_WARN_64_TO_32_BIT_CONVERSION = YES;
				GCC_WARN_ABOUT_RETURN_TYPE = YES_ERROR;
				GCC_WARN_UNDECLARED_SELECTOR = YES;
				GCC_WARN_UNINITIALIZED_AUTOS = YES_AGGRESSIVE;
				GCC_WARN_UNUSED_FUNCTION = YES;
				GCC_WARN_UNUSED_VARIABLE = YES;
				IPHONEOS_DEPLOYMENT_TARGET = 11.4;
				MTL_ENABLE_DEBUG_INFO = NO;
				MTL_FAST_MATH = YES;
				SDKROOT = iphoneos;
				SWIFT_COMPILATION_MODE = wholemodule;
				SWIFT_OPTIMIZATION_LEVEL = "-O";
				VALIDATE_PRODUCT = YES;
			};
			name = Release;
		};
		D1BE6D8C21AD60EB00114084 /* Debug */ = {
			isa = XCBuildConfiguration;
			baseConfigurationReference = E806AFB83CF3ABA360FAF618 /* Pods-Reggio Audace.debug.xcconfig */;
			buildSettings = {
				ASSETCATALOG_COMPILER_APPICON_NAME = AppIcon;
				CODE_SIGN_ENTITLEMENTS = "Reggio Audace/Reggio Audace.entitlements";
				CODE_SIGN_STYLE = Automatic;
				DEVELOPMENT_TEAM = 78G92GQSH6;
				INFOPLIST_FILE = "Reggio Audace/Info.plist";
				LD_RUNPATH_SEARCH_PATHS = (
					"$(inherited)",
					"@executable_path/Frameworks",
				);
				PRODUCT_BUNDLE_IDENTIFIER = com.topic.lensolution.topic;
				PRODUCT_NAME = "$(TARGET_NAME)";
				SWIFT_VERSION = 4.2;
				TARGETED_DEVICE_FAMILY = 1;
			};
			name = Debug;
		};
		D1BE6D8D21AD60EB00114084 /* Release */ = {
			isa = XCBuildConfiguration;
			baseConfigurationReference = 544CC687D7D6DCF8A15E205F /* Pods-Reggio Audace.release.xcconfig */;
			buildSettings = {
				ASSETCATALOG_COMPILER_APPICON_NAME = AppIcon;
				CODE_SIGN_ENTITLEMENTS = "Reggio Audace/Reggio Audace.entitlements";
				CODE_SIGN_STYLE = Automatic;
				DEVELOPMENT_TEAM = 78G92GQSH6;
				INFOPLIST_FILE = "Reggio Audace/Info.plist";
				LD_RUNPATH_SEARCH_PATHS = (
					"$(inherited)",
					"@executable_path/Frameworks",
				);
				PRODUCT_BUNDLE_IDENTIFIER = com.topic.lensolution.topic;
				PRODUCT_NAME = "$(TARGET_NAME)";
				SWIFT_VERSION = 4.2;
				TARGETED_DEVICE_FAMILY = 1;
			};
			name = Release;
		};
/* End XCBuildConfiguration section */

/* Begin XCConfigurationList section */
		D1BE6D5E21AD60D800114084 /* Build configuration list for PBXProject "Reggio Audace" */ = {
			isa = XCConfigurationList;
			buildConfigurations = (
				D1BE6D8921AD60EB00114084 /* Debug */,
				D1BE6D8A21AD60EB00114084 /* Release */,
			);
			defaultConfigurationIsVisible = 0;
			defaultConfigurationName = Release;
		};
		D1BE6D8B21AD60EB00114084 /* Build configuration list for PBXNativeTarget "Reggio Audace" */ = {
			isa = XCConfigurationList;
			buildConfigurations = (
				D1BE6D8C21AD60EB00114084 /* Debug */,
				D1BE6D8D21AD60EB00114084 /* Release */,
			);
			defaultConfigurationIsVisible = 0;
			defaultConfigurationName = Release;
		};
/* End XCConfigurationList section */
	};
	rootObject = D1BE6D5B21AD60D800114084 /* Project object */;
}
