// !$*UTF8*$!
{
	archiveVersion = 1;
	classes = {
	};
	objectVersion = 50;
	objects = {

/* Begin PBXBuildFile section */
		526ABD4121B1564B004177CB /* GoogleService-Info.plist in Resources */ = {isa = PBXBuildFile; fileRef = 526ABD4021B1564B004177CB /* GoogleService-Info.plist */; };
		526BF73021B0450500465AD7 /* CvcSinglePlayerRoster.xib in Resources */ = {isa = PBXBuildFile; fileRef = 526BF72F21B0450500465AD7 /* CvcSinglePlayerRoster.xib */; };
		526BF73221B0452400465AD7 /* CvcSingleTeamStanding.xib in Resources */ = {isa = PBXBuildFile; fileRef = 526BF73121B0452400465AD7 /* CvcSingleTeamStanding.xib */; };
		527E94EE21B0648200A8CAD0 /* big_noodle_titling.ttf in Resources */ = {isa = PBXBuildFile; fileRef = 52F650C121B0570000CBD2BE /* big_noodle_titling.ttf */; };
		527E94EF21B0648400A8CAD0 /* Hind-Bold.ttf in Resources */ = {isa = PBXBuildFile; fileRef = 52F650C421B0603600CBD2BE /* Hind-Bold.ttf */; };
		527E94F021B0648700A8CAD0 /* Hind-Light.ttf in Resources */ = {isa = PBXBuildFile; fileRef = 52F650C521B0603600CBD2BE /* Hind-Light.ttf */; };
		527E94F121B0648900A8CAD0 /* Hind-Medium.ttf in Resources */ = {isa = PBXBuildFile; fileRef = 52F650C721B0603600CBD2BE /* Hind-Medium.ttf */; };
		527E94F221B0648C00A8CAD0 /* Hind-Regular.ttf in Resources */ = {isa = PBXBuildFile; fileRef = 52F650C321B0603600CBD2BE /* Hind-Regular.ttf */; };
		527E94F321B0648E00A8CAD0 /* Hind-SemiBold.ttf in Resources */ = {isa = PBXBuildFile; fileRef = 52F650C621B0603600CBD2BE /* Hind-SemiBold.ttf */; };
		5293A15021B576E90081E805 /* VcvNews.xib in Resources */ = {isa = PBXBuildFile; fileRef = 5293A14F21B576E90081E805 /* VcvNews.xib */; };
		5293A15221B57E5B0081E805 /* Account Label.xib in Resources */ = {isa = PBXBuildFile; fileRef = 5293A15121B57E5B0081E805 /* Account Label.xib */; };
		D11B714E21AF0A6600887D2A /* FileView.swift in Sources */ = {isa = PBXBuildFile; fileRef = D11B714D21AF0A6600887D2A /* FileView.swift */; };
		D11B715021AF0F3600887D2A /* ProFileObs.swift in Sources */ = {isa = PBXBuildFile; fileRef = D11B714F21AF0F3600887D2A /* ProFileObs.swift */; };
		D160DC4D21B521F000DAEF67 /* AuthUtils.swift in Sources */ = {isa = PBXBuildFile; fileRef = D160DC4A21B521F000DAEF67 /* AuthUtils.swift */; };
		D160DC4E21B521F000DAEF67 /* StoryboardUtils.swift in Sources */ = {isa = PBXBuildFile; fileRef = D160DC4B21B521F000DAEF67 /* StoryboardUtils.swift */; };
		D160DC4F21B521F000DAEF67 /* UrlUtils.swift in Sources */ = {isa = PBXBuildFile; fileRef = D160DC4C21B521F000DAEF67 /* UrlUtils.swift */; };
		D160DC5121B529A800DAEF67 /* SeasonDay.swift in Sources */ = {isa = PBXBuildFile; fileRef = D160DC5021B529A800DAEF67 /* SeasonDay.swift */; };
		D160DC5521B531B700DAEF67 /* VcrLogin.swift in Sources */ = {isa = PBXBuildFile; fileRef = D160DC5421B531B700DAEF67 /* VcrLogin.swift */; };
		D160DC5821B5333D00DAEF67 /* TbrMain.swift in Sources */ = {isa = PBXBuildFile; fileRef = D160DC5721B5333D00DAEF67 /* TbrMain.swift */; };
		D160DC5A21B5375200DAEF67 /* PagLogin.swift in Sources */ = {isa = PBXBuildFile; fileRef = D160DC5921B5375200DAEF67 /* PagLogin.swift */; };
		D1633DC821AFEB7B00D5CE2F /* VcrBase.swift in Sources */ = {isa = PBXBuildFile; fileRef = D1633DC721AFEB7B00D5CE2F /* VcrBase.swift */; };
		D1633DCB21AFFDE300D5CE2F /* PagChat.swift in Sources */ = {isa = PBXBuildFile; fileRef = D1633DC921AFFDE300D5CE2F /* PagChat.swift */; };
		D1633DCE21B0000000D5CE2F /* ProChatObs.swift in Sources */ = {isa = PBXBuildFile; fileRef = D1633DCD21B0000000D5CE2F /* ProChatObs.swift */; };
		D1633DD021B0008A00D5CE2F /* ChatView.swift in Sources */ = {isa = PBXBuildFile; fileRef = D1633DCF21B0008A00D5CE2F /* ChatView.swift */; };
		D1633DD221B0135100D5CE2F /* Chat.swift in Sources */ = {isa = PBXBuildFile; fileRef = D1633DD121B0135100D5CE2F /* Chat.swift */; };
		D1633DD421B01E9600D5CE2F /* VcrChat.swift in Sources */ = {isa = PBXBuildFile; fileRef = D1633DD321B01E9600D5CE2F /* VcrChat.swift */; };
		D1633DD621B0276500D5CE2F /* CvcChat.xib in Resources */ = {isa = PBXBuildFile; fileRef = D1633DD521B0276500D5CE2F /* CvcChat.xib */; };
		D1633DD921B02B1700D5CE2F /* CvcChat.swift in Sources */ = {isa = PBXBuildFile; fileRef = D1633DD821B02B1700D5CE2F /* CvcChat.swift */; };
		D174231C21AE93AC009AAEFC /* PostView.swift in Sources */ = {isa = PBXBuildFile; fileRef = D174231B21AE93AC009AAEFC /* PostView.swift */; };
		D174231F21AEA99B009AAEFC /* ProPostObs.swift in Sources */ = {isa = PBXBuildFile; fileRef = D174231E21AEA99B009AAEFC /* ProPostObs.swift */; };
		D174232321AEAE68009AAEFC /* VcrNews.swift in Sources */ = {isa = PBXBuildFile; fileRef = D174232221AEAE68009AAEFC /* VcrNews.swift */; };
		D174232821AED6C1009AAEFC /* CvcNews.xib in Resources */ = {isa = PBXBuildFile; fileRef = D174232621AED6BA009AAEFC /* CvcNews.xib */; };
		D174232921AED6C1009AAEFC /* CvcNews.swift in Sources */ = {isa = PBXBuildFile; fileRef = D174232721AED6BF009AAEFC /* CvcNews.swift */; };
		D17963F721B146EF005311A8 /* VcrUsers.swift in Sources */ = {isa = PBXBuildFile; fileRef = D17963F621B146EF005311A8 /* VcrUsers.swift */; };
		D17963F921B14779005311A8 /* VcrChannels.swift in Sources */ = {isa = PBXBuildFile; fileRef = D17963F821B14779005311A8 /* VcrChannels.swift */; };
		D17963FB21B1509D005311A8 /* SeasonView.swift in Sources */ = {isa = PBXBuildFile; fileRef = D17963FA21B1509D005311A8 /* SeasonView.swift */; };
		D17963FD21B151EB005311A8 /* ProSeasonObs.swift in Sources */ = {isa = PBXBuildFile; fileRef = D17963FC21B151EB005311A8 /* ProSeasonObs.swift */; };
		D17963FF21B15773005311A8 /* Season.swift in Sources */ = {isa = PBXBuildFile; fileRef = D17963FE21B15773005311A8 /* Season.swift */; };
		D179640121B184CE005311A8 /* PagBase.swift in Sources */ = {isa = PBXBuildFile; fileRef = D179640021B184CE005311A8 /* PagBase.swift */; };
		D179640321B18660005311A8 /* PagAccountViewController.swift in Sources */ = {isa = PBXBuildFile; fileRef = D179640221B18660005311A8 /* PagAccountViewController.swift */; };
		D179640521B1A7FB005311A8 /* VcrSeason.swift in Sources */ = {isa = PBXBuildFile; fileRef = D179640421B1A7FB005311A8 /* VcrSeason.swift */; };
		D1BE6D6721AD60D800114084 /* AppDelegate.swift in Sources */ = {isa = PBXBuildFile; fileRef = D1BE6D6621AD60D800114084 /* AppDelegate.swift */; };
		D1BE6D6C21AD60D800114084 /* Main.storyboard in Resources */ = {isa = PBXBuildFile; fileRef = D1BE6D6A21AD60D800114084 /* Main.storyboard */; };
		D1BE6D6E21AD60EA00114084 /* Assets.xcassets in Resources */ = {isa = PBXBuildFile; fileRef = D1BE6D6D21AD60EA00114084 /* Assets.xcassets */; };
		D1BE6D7121AD60EA00114084 /* LaunchScreen.storyboard in Resources */ = {isa = PBXBuildFile; fileRef = D1BE6D6F21AD60EA00114084 /* LaunchScreen.storyboard */; };
		D1BE6D9721AD7D6100114084 /* Post.swift in Sources */ = {isa = PBXBuildFile; fileRef = D1BE6D9621AD7D6100114084 /* Post.swift */; };
		D5D8A8995F382F955705B5E6 /* Pods_Reggio_Audace.framework in Frameworks */ = {isa = PBXBuildFile; fileRef = 438C1A2158ECE0211B372589 /* Pods_Reggio_Audace.framework */; };
/* End PBXBuildFile section */

/* Begin PBXFileReference section */
		438C1A2158ECE0211B372589 /* Pods_Reggio_Audace.framework */ = {isa = PBXFileReference; explicitFileType = wrapper.framework; includeInIndex = 0; path = Pods_Reggio_Audace.framework; sourceTree = BUILT_PRODUCTS_DIR; };
		526ABD4021B1564B004177CB /* GoogleService-Info.plist */ = {isa = PBXFileReference; fileEncoding = 4; lastKnownFileType = text.plist.xml; path = "GoogleService-Info.plist"; sourceTree = "<group>"; };
		526BF72F21B0450500465AD7 /* CvcSinglePlayerRoster.xib */ = {isa = PBXFileReference; fileEncoding = 4; lastKnownFileType = file.xib; path = CvcSinglePlayerRoster.xib; sourceTree = "<group>"; };
		526BF73121B0452400465AD7 /* CvcSingleTeamStanding.xib */ = {isa = PBXFileReference; fileEncoding = 4; lastKnownFileType = file.xib; path = CvcSingleTeamStanding.xib; sourceTree = "<group>"; };
		527E94F421B06A7B00A8CAD0 /* Info.plist */ = {isa = PBXFileReference; fileEncoding = 4; lastKnownFileType = text.plist.xml; path = Info.plist; sourceTree = "<group>"; };
		5293A14F21B576E90081E805 /* VcvNews.xib */ = {isa = PBXFileReference; lastKnownFileType = file.xib; path = VcvNews.xib; sourceTree = "<group>"; };
		5293A15121B57E5B0081E805 /* Account Label.xib */ = {isa = PBXFileReference; fileEncoding = 4; lastKnownFileType = file.xib; name = "Account Label.xib"; path = "../../VApp/Tab Account/Account Label.xib"; sourceTree = "<group>"; };
		52F650C121B0570000CBD2BE /* big_noodle_titling.ttf */ = {isa = PBXFileReference; lastKnownFileType = file; path = big_noodle_titling.ttf; sourceTree = "<group>"; };
		52F650C321B0603600CBD2BE /* Hind-Regular.ttf */ = {isa = PBXFileReference; lastKnownFileType = file; path = "Hind-Regular.ttf"; sourceTree = "<group>"; };
		52F650C421B0603600CBD2BE /* Hind-Bold.ttf */ = {isa = PBXFileReference; lastKnownFileType = file; path = "Hind-Bold.ttf"; sourceTree = "<group>"; };
		52F650C521B0603600CBD2BE /* Hind-Light.ttf */ = {isa = PBXFileReference; lastKnownFileType = file; path = "Hind-Light.ttf"; sourceTree = "<group>"; };
		52F650C621B0603600CBD2BE /* Hind-SemiBold.ttf */ = {isa = PBXFileReference; lastKnownFileType = file; path = "Hind-SemiBold.ttf"; sourceTree = "<group>"; };
		52F650C721B0603600CBD2BE /* Hind-Medium.ttf */ = {isa = PBXFileReference; lastKnownFileType = file; path = "Hind-Medium.ttf"; sourceTree = "<group>"; };
		544CC687D7D6DCF8A15E205F /* Pods-Reggio Audace.release.xcconfig */ = {isa = PBXFileReference; includeInIndex = 1; lastKnownFileType = text.xcconfig; name = "Pods-Reggio Audace.release.xcconfig"; path = "Pods/Target Support Files/Pods-Reggio Audace/Pods-Reggio Audace.release.xcconfig"; sourceTree = "<group>"; };
		D11B714D21AF0A6600887D2A /* FileView.swift */ = {isa = PBXFileReference; lastKnownFileType = sourcecode.swift; path = FileView.swift; sourceTree = "<group>"; };
		D11B714F21AF0F3600887D2A /* ProFileObs.swift */ = {isa = PBXFileReference; lastKnownFileType = sourcecode.swift; path = ProFileObs.swift; sourceTree = "<group>"; };
		D160DC4A21B521F000DAEF67 /* AuthUtils.swift */ = {isa = PBXFileReference; fileEncoding = 4; lastKnownFileType = sourcecode.swift; path = AuthUtils.swift; sourceTree = "<group>"; };
		D160DC4B21B521F000DAEF67 /* StoryboardUtils.swift */ = {isa = PBXFileReference; fileEncoding = 4; lastKnownFileType = sourcecode.swift; path = StoryboardUtils.swift; sourceTree = "<group>"; };
		D160DC4C21B521F000DAEF67 /* UrlUtils.swift */ = {isa = PBXFileReference; fileEncoding = 4; lastKnownFileType = sourcecode.swift; path = UrlUtils.swift; sourceTree = "<group>"; };
		D160DC5021B529A800DAEF67 /* SeasonDay.swift */ = {isa = PBXFileReference; lastKnownFileType = sourcecode.swift; path = SeasonDay.swift; sourceTree = "<group>"; };
		D160DC5421B531B700DAEF67 /* VcrLogin.swift */ = {isa = PBXFileReference; lastKnownFileType = sourcecode.swift; path = VcrLogin.swift; sourceTree = "<group>"; };
		D160DC5721B5333D00DAEF67 /* TbrMain.swift */ = {isa = PBXFileReference; lastKnownFileType = sourcecode.swift; path = TbrMain.swift; sourceTree = "<group>"; };
		D160DC5921B5375200DAEF67 /* PagLogin.swift */ = {isa = PBXFileReference; lastKnownFileType = sourcecode.swift; path = PagLogin.swift; sourceTree = "<group>"; };
		D1633DC721AFEB7B00D5CE2F /* VcrBase.swift */ = {isa = PBXFileReference; lastKnownFileType = sourcecode.swift; path = VcrBase.swift; sourceTree = "<group>"; };
		D1633DC921AFFDE300D5CE2F /* PagChat.swift */ = {isa = PBXFileReference; lastKnownFileType = sourcecode.swift; path = PagChat.swift; sourceTree = "<group>"; };
		D1633DCD21B0000000D5CE2F /* ProChatObs.swift */ = {isa = PBXFileReference; lastKnownFileType = sourcecode.swift; path = ProChatObs.swift; sourceTree = "<group>"; };
		D1633DCF21B0008A00D5CE2F /* ChatView.swift */ = {isa = PBXFileReference; lastKnownFileType = sourcecode.swift; path = ChatView.swift; sourceTree = "<group>"; };
		D1633DD121B0135100D5CE2F /* Chat.swift */ = {isa = PBXFileReference; lastKnownFileType = sourcecode.swift; path = Chat.swift; sourceTree = "<group>"; };
		D1633DD321B01E9600D5CE2F /* VcrChat.swift */ = {isa = PBXFileReference; lastKnownFileType = sourcecode.swift; path = VcrChat.swift; sourceTree = "<group>"; };
		D1633DD521B0276500D5CE2F /* CvcChat.xib */ = {isa = PBXFileReference; lastKnownFileType = file.xib; path = CvcChat.xib; sourceTree = "<group>"; };
		D1633DD821B02B1700D5CE2F /* CvcChat.swift */ = {isa = PBXFileReference; lastKnownFileType = sourcecode.swift; path = CvcChat.swift; sourceTree = "<group>"; };
		D174231B21AE93AC009AAEFC /* PostView.swift */ = {isa = PBXFileReference; lastKnownFileType = sourcecode.swift; path = PostView.swift; sourceTree = "<group>"; };
		D174231E21AEA99B009AAEFC /* ProPostObs.swift */ = {isa = PBXFileReference; lastKnownFileType = sourcecode.swift; path = ProPostObs.swift; sourceTree = "<group>"; };
		D174232221AEAE68009AAEFC /* VcrNews.swift */ = {isa = PBXFileReference; lastKnownFileType = sourcecode.swift; path = VcrNews.swift; sourceTree = "<group>"; };
		D174232621AED6BA009AAEFC /* CvcNews.xib */ = {isa = PBXFileReference; fileEncoding = 4; lastKnownFileType = file.xib; path = CvcNews.xib; sourceTree = "<group>"; };
		D174232721AED6BF009AAEFC /* CvcNews.swift */ = {isa = PBXFileReference; fileEncoding = 4; lastKnownFileType = sourcecode.swift; path = CvcNews.swift; sourceTree = "<group>"; };
		D17963F621B146EF005311A8 /* VcrUsers.swift */ = {isa = PBXFileReference; lastKnownFileType = sourcecode.swift; path = VcrUsers.swift; sourceTree = "<group>"; };
		D17963F821B14779005311A8 /* VcrChannels.swift */ = {isa = PBXFileReference; lastKnownFileType = sourcecode.swift; path = VcrChannels.swift; sourceTree = "<group>"; };
		D17963FA21B1509D005311A8 /* SeasonView.swift */ = {isa = PBXFileReference; lastKnownFileType = sourcecode.swift; path = SeasonView.swift; sourceTree = "<group>"; };
		D17963FC21B151EB005311A8 /* ProSeasonObs.swift */ = {isa = PBXFileReference; lastKnownFileType = sourcecode.swift; path = ProSeasonObs.swift; sourceTree = "<group>"; };
		D17963FE21B15773005311A8 /* Season.swift */ = {isa = PBXFileReference; lastKnownFileType = sourcecode.swift; path = Season.swift; sourceTree = "<group>"; };
		D179640021B184CE005311A8 /* PagBase.swift */ = {isa = PBXFileReference; lastKnownFileType = sourcecode.swift; path = PagBase.swift; sourceTree = "<group>"; };
		D179640221B18660005311A8 /* PagAccountViewController.swift */ = {isa = PBXFileReference; lastKnownFileType = sourcecode.swift; path = PagAccountViewController.swift; sourceTree = "<group>"; };
		D179640421B1A7FB005311A8 /* VcrSeason.swift */ = {isa = PBXFileReference; lastKnownFileType = sourcecode.swift; path = VcrSeason.swift; sourceTree = "<group>"; };
		D1BE6D6321AD60D800114084 /* Reggio Audace.app */ = {isa = PBXFileReference; explicitFileType = wrapper.application; includeInIndex = 0; path = "Reggio Audace.app"; sourceTree = BUILT_PRODUCTS_DIR; };
		D1BE6D6621AD60D800114084 /* AppDelegate.swift */ = {isa = PBXFileReference; lastKnownFileType = sourcecode.swift; path = AppDelegate.swift; sourceTree = "<group>"; };
		D1BE6D6B21AD60D800114084 /* Base */ = {isa = PBXFileReference; lastKnownFileType = file.storyboard; name = Base; path = Base.lproj/Main.storyboard; sourceTree = "<group>"; };
		D1BE6D6D21AD60EA00114084 /* Assets.xcassets */ = {isa = PBXFileReference; lastKnownFileType = folder.assetcatalog; path = Assets.xcassets; sourceTree = "<group>"; };
		D1BE6D7021AD60EA00114084 /* Base */ = {isa = PBXFileReference; lastKnownFileType = file.storyboard; name = Base; path = Base.lproj/LaunchScreen.storyboard; sourceTree = "<group>"; };
		D1BE6D9621AD7D6100114084 /* Post.swift */ = {isa = PBXFileReference; lastKnownFileType = sourcecode.swift; path = Post.swift; sourceTree = "<group>"; };
		E806AFB83CF3ABA360FAF618 /* Pods-Reggio Audace.debug.xcconfig */ = {isa = PBXFileReference; includeInIndex = 1; lastKnownFileType = text.xcconfig; name = "Pods-Reggio Audace.debug.xcconfig"; path = "Pods/Target Support Files/Pods-Reggio Audace/Pods-Reggio Audace.debug.xcconfig"; sourceTree = "<group>"; };
/* End PBXFileReference section */

/* Begin PBXFrameworksBuildPhase section */
		D1BE6D6021AD60D800114084 /* Frameworks */ = {
			isa = PBXFrameworksBuildPhase;
			buildActionMask = 2147483647;
			files = (
				D5D8A8995F382F955705B5E6 /* Pods_Reggio_Audace.framework in Frameworks */,
			);
			runOnlyForDeploymentPostprocessing = 0;
		};
/* End PBXFrameworksBuildPhase section */

/* Begin PBXGroup section */
		52F650C221B0576200CBD2BE /* Font */ = {
			isa = PBXGroup;
			children = (
				52F650C121B0570000CBD2BE /* big_noodle_titling.ttf */,
				52F650C421B0603600CBD2BE /* Hind-Bold.ttf */,
				52F650C521B0603600CBD2BE /* Hind-Light.ttf */,
				52F650C721B0603600CBD2BE /* Hind-Medium.ttf */,
				52F650C321B0603600CBD2BE /* Hind-Regular.ttf */,
				52F650C621B0603600CBD2BE /* Hind-SemiBold.ttf */,
			);
			path = Font;
			sourceTree = "<group>";
		};
		740F66140C8470DE6B6460A0 /* Frameworks */ = {
			isa = PBXGroup;
			children = (
				438C1A2158ECE0211B372589 /* Pods_Reggio_Audace.framework */,
			);
			name = Frameworks;
			sourceTree = "<group>";
		};
		8B068B4192118DC85083F5D5 /* Pods */ = {
			isa = PBXGroup;
			children = (
				E806AFB83CF3ABA360FAF618 /* Pods-Reggio Audace.debug.xcconfig */,
				544CC687D7D6DCF8A15E205F /* Pods-Reggio Audace.release.xcconfig */,
			);
			name = Pods;
			sourceTree = "<group>";
		};
		D160DC4921B521C900DAEF67 /* Utils */ = {
			isa = PBXGroup;
			children = (
				D160DC4A21B521F000DAEF67 /* AuthUtils.swift */,
				D160DC4B21B521F000DAEF67 /* StoryboardUtils.swift */,
				D160DC4C21B521F000DAEF67 /* UrlUtils.swift */,
			);
			path = Utils;
			sourceTree = "<group>";
		};
		D160DC5621B532FF00DAEF67 /* TabBars */ = {
			isa = PBXGroup;
			children = (
				D160DC5721B5333D00DAEF67 /* TbrMain.swift */,
			);
			path = TabBars;
			sourceTree = "<group>";
		};
		D1633DD721B0298C00D5CE2F /* PageViewControllers */ = {
			isa = PBXGroup;
			children = (
				D1633DC921AFFDE300D5CE2F /* PagChat.swift */,
				D179640021B184CE005311A8 /* PagBase.swift */,
				D179640221B18660005311A8 /* PagAccountViewController.swift */,
				D160DC5921B5375200DAEF67 /* PagLogin.swift */,
			);
			path = PageViewControllers;
			sourceTree = "<group>";
		};
		D174231A21AE938F009AAEFC /* Factories */ = {
			isa = PBXGroup;
			children = (
				D174231B21AE93AC009AAEFC /* PostView.swift */,
				D11B714D21AF0A6600887D2A /* FileView.swift */,
				D1633DCF21B0008A00D5CE2F /* ChatView.swift */,
				D17963FA21B1509D005311A8 /* SeasonView.swift */,
			);
			path = Factories;
			sourceTree = "<group>";
		};
		D174231D21AEA802009AAEFC /* Protocols */ = {
			isa = PBXGroup;
			children = (
				D174231E21AEA99B009AAEFC /* ProPostObs.swift */,
				D11B714F21AF0F3600887D2A /* ProFileObs.swift */,
				D1633DCD21B0000000D5CE2F /* ProChatObs.swift */,
				D17963FC21B151EB005311A8 /* ProSeasonObs.swift */,
			);
			path = Protocols;
			sourceTree = "<group>";
		};
		D174232021AEAE10009AAEFC /* ViewControllers */ = {
			isa = PBXGroup;
			children = (
				D174232221AEAE68009AAEFC /* VcrNews.swift */,
				D1633DC721AFEB7B00D5CE2F /* VcrBase.swift */,
				D1633DD321B01E9600D5CE2F /* VcrChat.swift */,
				D17963F621B146EF005311A8 /* VcrUsers.swift */,
				D17963F821B14779005311A8 /* VcrChannels.swift */,
				D179640421B1A7FB005311A8 /* VcrSeason.swift */,
				D160DC5421B531B700DAEF67 /* VcrLogin.swift */,
			);
			path = ViewControllers;
			sourceTree = "<group>";
		};
		D174232A21AED728009AAEFC /* Cells */ = {
			isa = PBXGroup;
			children = (
				D174232721AED6BF009AAEFC /* CvcNews.swift */,
				D1633DD821B02B1700D5CE2F /* CvcChat.swift */,
			);
			path = Cells;
			sourceTree = "<group>";
		};
		D174232B21AED7C1009AAEFC /* Xib */ = {
			isa = PBXGroup;
			children = (
				D174232C21AED7D4009AAEFC /* Cells */,
			);
			path = Xib;
			sourceTree = "<group>";
		};
		D174232C21AED7D4009AAEFC /* Cells */ = {
			isa = PBXGroup;
			children = (
				D174232621AED6BA009AAEFC /* CvcNews.xib */,
				D1633DD521B0276500D5CE2F /* CvcChat.xib */,
				526BF72F21B0450500465AD7 /* CvcSinglePlayerRoster.xib */,
				526BF73121B0452400465AD7 /* CvcSingleTeamStanding.xib */,
			);
			path = Cells;
			sourceTree = "<group>";
		};
		D1BE6D5A21AD60D800114084 = {
			isa = PBXGroup;
			children = (
				D1BE6D6521AD60D800114084 /* Reggio Audace */,
				D1BE6D6421AD60D800114084 /* Products */,
				8B068B4192118DC85083F5D5 /* Pods */,
				740F66140C8470DE6B6460A0 /* Frameworks */,
			);
			sourceTree = "<group>";
		};
		D1BE6D6421AD60D800114084 /* Products */ = {
			isa = PBXGroup;
			children = (
				D1BE6D6321AD60D800114084 /* Reggio Audace.app */,
			);
			name = Products;
			sourceTree = "<group>";
		};
		D1BE6D6521AD60D800114084 /* Reggio Audace */ = {
			isa = PBXGroup;
			children = (
				D160DC5621B532FF00DAEF67 /* TabBars */,
				D160DC4921B521C900DAEF67 /* Utils */,
				D1633DD721B0298C00D5CE2F /* PageViewControllers */,
				D174232B21AED7C1009AAEFC /* Xib */,
				D174232A21AED728009AAEFC /* Cells */,
				D174232021AEAE10009AAEFC /* ViewControllers */,
				D174231D21AEA802009AAEFC /* Protocols */,
				D1BE6D9421AD7D2E00114084 /* Library */,
				52F650C221B0576200CBD2BE /* Font */,
				D1BE6D6621AD60D800114084 /* AppDelegate.swift */,
				D1BE6D6A21AD60D800114084 /* Main.storyboard */,
				D1BE6D6D21AD60EA00114084 /* Assets.xcassets */,
				D1BE6D6F21AD60EA00114084 /* LaunchScreen.storyboard */,
				5293A14F21B576E90081E805 /* VcvNews.xib */,
				5293A15121B57E5B0081E805 /* Account Label.xib */,
				527E94F421B06A7B00A8CAD0 /* Info.plist */,
				526ABD4021B1564B004177CB /* GoogleService-Info.plist */,
			);
			path = "Reggio Audace";
			sourceTree = "<group>";
		};
		D1BE6D9421AD7D2E00114084 /* Library */ = {
			isa = PBXGroup;
			children = (
				D174231A21AE938F009AAEFC /* Factories */,
				D1BE6D9521AD7D3700114084 /* Entities */,
			);
			path = Library;
			sourceTree = "<group>";
		};
		D1BE6D9521AD7D3700114084 /* Entities */ = {
			isa = PBXGroup;
			children = (
				D1BE6D9621AD7D6100114084 /* Post.swift */,
				D1633DD121B0135100D5CE2F /* Chat.swift */,
				D17963FE21B15773005311A8 /* Season.swift */,
				D160DC5021B529A800DAEF67 /* SeasonDay.swift */,
			);
			path = Entities;
			sourceTree = "<group>";
		};
/* End PBXGroup section */

/* Begin PBXNativeTarget section */
		D1BE6D6221AD60D800114084 /* Reggio Audace */ = {
			isa = PBXNativeTarget;
			buildConfigurationList = D1BE6D8B21AD60EB00114084 /* Build configuration list for PBXNativeTarget "Reggio Audace" */;
			buildPhases = (
				DC80AA0E310A3F8C1BEFA016 /* [CP] Check Pods Manifest.lock */,
				D1BE6D5F21AD60D800114084 /* Sources */,
				D1BE6D6021AD60D800114084 /* Frameworks */,
				D1BE6D6121AD60D800114084 /* Resources */,
				800AA17034CFC9D2B5DFDD1E /* [CP] Embed Pods Frameworks */,
				A9A04BFDB2555DD82DAC0959 /* [CP] Copy Pods Resources */,
			);
			buildRules = (
			);
			dependencies = (
			);
			name = "Reggio Audace";
			productName = "Reggio Audace";
			productReference = D1BE6D6321AD60D800114084 /* Reggio Audace.app */;
			productType = "com.apple.product-type.application";
		};
/* End PBXNativeTarget section */

/* Begin PBXProject section */
		D1BE6D5B21AD60D800114084 /* Project object */ = {
			isa = PBXProject;
			attributes = {
				LastSwiftUpdateCheck = 1010;
				LastUpgradeCheck = 1010;
				ORGANIZATIONNAME = "LEN Solution";
				TargetAttributes = {
					D1BE6D6221AD60D800114084 = {
						CreatedOnToolsVersion = 10.1;
					};
				};
			};
			buildConfigurationList = D1BE6D5E21AD60D800114084 /* Build configuration list for PBXProject "Reggio Audace" */;
			compatibilityVersion = "Xcode 9.3";
			developmentRegion = en;
			hasScannedForEncodings = 0;
			knownRegions = (
				en,
				Base,
			);
			mainGroup = D1BE6D5A21AD60D800114084;
			productRefGroup = D1BE6D6421AD60D800114084 /* Products */;
			projectDirPath = "";
			projectRoot = "";
			targets = (
				D1BE6D6221AD60D800114084 /* Reggio Audace */,
			);
		};
/* End PBXProject section */

/* Begin PBXResourcesBuildPhase section */
		D1BE6D6121AD60D800114084 /* Resources */ = {
			isa = PBXResourcesBuildPhase;
			buildActionMask = 2147483647;
			files = (
				D1BE6D7121AD60EA00114084 /* LaunchScreen.storyboard in Resources */,
				D174232821AED6C1009AAEFC /* CvcNews.xib in Resources */,
				D1633DD621B0276500D5CE2F /* CvcChat.xib in Resources */,
				D1BE6D6E21AD60EA00114084 /* Assets.xcassets in Resources */,
				527E94F121B0648900A8CAD0 /* Hind-Medium.ttf in Resources */,
				527E94EF21B0648400A8CAD0 /* Hind-Bold.ttf in Resources */,
				527E94F321B0648E00A8CAD0 /* Hind-SemiBold.ttf in Resources */,
				527E94F221B0648C00A8CAD0 /* Hind-Regular.ttf in Resources */,
				527E94F021B0648700A8CAD0 /* Hind-Light.ttf in Resources */,
				527E94EE21B0648200A8CAD0 /* big_noodle_titling.ttf in Resources */,
				526BF73021B0450500465AD7 /* CvcSinglePlayerRoster.xib in Resources */,
				526BF73221B0452400465AD7 /* CvcSingleTeamStanding.xib in Resources */,
				5293A15021B576E90081E805 /* VcvNews.xib in Resources */,
				D1BE6D6C21AD60D800114084 /* Main.storyboard in Resources */,
				526ABD4121B1564B004177CB /* GoogleService-Info.plist in Resources */,
				5293A15221B57E5B0081E805 /* Account Label.xib in Resources */,
			);
			runOnlyForDeploymentPostprocessing = 0;
		};
/* End PBXResourcesBuildPhase section */

/* Begin PBXShellScriptBuildPhase section */
		800AA17034CFC9D2B5DFDD1E /* [CP] Embed Pods Frameworks */ = {
			isa = PBXShellScriptBuildPhase;
			buildActionMask = 2147483647;
			files = (
			);
			inputFileListPaths = (
			);
			inputPaths = (
				"${SRCROOT}/Pods/Target Support Files/Pods-Reggio Audace/Pods-Reggio Audace-frameworks.sh",
				"${BUILT_PRODUCTS_DIR}/Bolts/Bolts.framework",
				"${BUILT_PRODUCTS_DIR}/BoringSSL/openssl.framework",
				"${BUILT_PRODUCTS_DIR}/FBSDKCoreKit/FBSDKCoreKit.framework",
				"${BUILT_PRODUCTS_DIR}/FBSDKLoginKit/FBSDKLoginKit.framework",
				"${BUILT_PRODUCTS_DIR}/GTMSessionFetcher/GTMSessionFetcher.framework",
				"${BUILT_PRODUCTS_DIR}/GoogleToolboxForMac/GoogleToolboxForMac.framework",
				"${BUILT_PRODUCTS_DIR}/GoogleUtilities/GoogleUtilities.framework",
				"${BUILT_PRODUCTS_DIR}/Protobuf/Protobuf.framework",
				"${BUILT_PRODUCTS_DIR}/SDWebImage/SDWebImage.framework",
				"${PODS_ROOT}/TwitterCore/iOS/TwitterCore.framework",
				"${PODS_ROOT}/TwitterKit/iOS/TwitterKit.framework",
				"${BUILT_PRODUCTS_DIR}/gRPC-C++/grpcpp.framework",
				"${BUILT_PRODUCTS_DIR}/gRPC-Core/grpc.framework",
				"${BUILT_PRODUCTS_DIR}/leveldb-library/leveldb.framework",
				"${BUILT_PRODUCTS_DIR}/nanopb/nanopb.framework",
			);
			name = "[CP] Embed Pods Frameworks";
			outputFileListPaths = (
			);
			outputPaths = (
				"${TARGET_BUILD_DIR}/${FRAMEWORKS_FOLDER_PATH}/Bolts.framework",
				"${TARGET_BUILD_DIR}/${FRAMEWORKS_FOLDER_PATH}/openssl.framework",
				"${TARGET_BUILD_DIR}/${FRAMEWORKS_FOLDER_PATH}/FBSDKCoreKit.framework",
				"${TARGET_BUILD_DIR}/${FRAMEWORKS_FOLDER_PATH}/FBSDKLoginKit.framework",
				"${TARGET_BUILD_DIR}/${FRAMEWORKS_FOLDER_PATH}/GTMSessionFetcher.framework",
				"${TARGET_BUILD_DIR}/${FRAMEWORKS_FOLDER_PATH}/GoogleToolboxForMac.framework",
				"${TARGET_BUILD_DIR}/${FRAMEWORKS_FOLDER_PATH}/GoogleUtilities.framework",
				"${TARGET_BUILD_DIR}/${FRAMEWORKS_FOLDER_PATH}/Protobuf.framework",
				"${TARGET_BUILD_DIR}/${FRAMEWORKS_FOLDER_PATH}/SDWebImage.framework",
				"${TARGET_BUILD_DIR}/${FRAMEWORKS_FOLDER_PATH}/TwitterCore.framework",
				"${TARGET_BUILD_DIR}/${FRAMEWORKS_FOLDER_PATH}/TwitterKit.framework",
				"${TARGET_BUILD_DIR}/${FRAMEWORKS_FOLDER_PATH}/grpcpp.framework",
				"${TARGET_BUILD_DIR}/${FRAMEWORKS_FOLDER_PATH}/grpc.framework",
				"${TARGET_BUILD_DIR}/${FRAMEWORKS_FOLDER_PATH}/leveldb.framework",
				"${TARGET_BUILD_DIR}/${FRAMEWORKS_FOLDER_PATH}/nanopb.framework",
			);
			runOnlyForDeploymentPostprocessing = 0;
			shellPath = /bin/sh;
			shellScript = "\"${SRCROOT}/Pods/Target Support Files/Pods-Reggio Audace/Pods-Reggio Audace-frameworks.sh\"\n";
			showEnvVarsInLog = 0;
		};
		A9A04BFDB2555DD82DAC0959 /* [CP] Copy Pods Resources */ = {
			isa = PBXShellScriptBuildPhase;
			buildActionMask = 2147483647;
			files = (
			);
			inputFileListPaths = (
			);
			inputPaths = (
				"${SRCROOT}/Pods/Target Support Files/Pods-Reggio Audace/Pods-Reggio Audace-resources.sh",
				"${PODS_CONFIGURATION_BUILD_DIR}/FirebaseFirestore/gRPCCertificates.bundle",
				"${PODS_CONFIGURATION_BUILD_DIR}/FirebaseUI/FirebaseAnonymousAuthUI.bundle",
				"${PODS_CONFIGURATION_BUILD_DIR}/FirebaseUI/FirebaseAuthUI.bundle",
				"${PODS_CONFIGURATION_BUILD_DIR}/FirebaseUI/FirebaseFacebookAuthUI.bundle",
				"${PODS_CONFIGURATION_BUILD_DIR}/FirebaseUI/FirebaseGoogleAuthUI.bundle",
				"${PODS_CONFIGURATION_BUILD_DIR}/FirebaseUI/FirebasePhoneAuthUI.bundle",
				"${PODS_CONFIGURATION_BUILD_DIR}/FirebaseUI/FirebaseTwitterAuthUI.bundle",
				"${PODS_ROOT}/GoogleSignIn/Resources/GoogleSignIn.bundle",
				"${PODS_ROOT}/TwitterKit/iOS/TwitterKit.framework/TwitterKitResources.bundle",
			);
			name = "[CP] Copy Pods Resources";
			outputFileListPaths = (
			);
			outputPaths = (
				"${TARGET_BUILD_DIR}/${UNLOCALIZED_RESOURCES_FOLDER_PATH}/gRPCCertificates.bundle",
				"${TARGET_BUILD_DIR}/${UNLOCALIZED_RESOURCES_FOLDER_PATH}/FirebaseAnonymousAuthUI.bundle",
				"${TARGET_BUILD_DIR}/${UNLOCALIZED_RESOURCES_FOLDER_PATH}/FirebaseAuthUI.bundle",
				"${TARGET_BUILD_DIR}/${UNLOCALIZED_RESOURCES_FOLDER_PATH}/FirebaseFacebookAuthUI.bundle",
				"${TARGET_BUILD_DIR}/${UNLOCALIZED_RESOURCES_FOLDER_PATH}/FirebaseGoogleAuthUI.bundle",
				"${TARGET_BUILD_DIR}/${UNLOCALIZED_RESOURCES_FOLDER_PATH}/FirebasePhoneAuthUI.bundle",
				"${TARGET_BUILD_DIR}/${UNLOCALIZED_RESOURCES_FOLDER_PATH}/FirebaseTwitterAuthUI.bundle",
				"${TARGET_BUILD_DIR}/${UNLOCALIZED_RESOURCES_FOLDER_PATH}/GoogleSignIn.bundle",
				"${TARGET_BUILD_DIR}/${UNLOCALIZED_RESOURCES_FOLDER_PATH}/TwitterKitResources.bundle",
			);
			runOnlyForDeploymentPostprocessing = 0;
			shellPath = /bin/sh;
			shellScript = "\"${SRCROOT}/Pods/Target Support Files/Pods-Reggio Audace/Pods-Reggio Audace-resources.sh\"\n";
			showEnvVarsInLog = 0;
		};
		DC80AA0E310A3F8C1BEFA016 /* [CP] Check Pods Manifest.lock */ = {
			isa = PBXShellScriptBuildPhase;
			buildActionMask = 2147483647;
			files = (
			);
			inputFileListPaths = (
			);
			inputPaths = (
				"${PODS_PODFILE_DIR_PATH}/Podfile.lock",
				"${PODS_ROOT}/Manifest.lock",
			);
			name = "[CP] Check Pods Manifest.lock";
			outputFileListPaths = (
			);
			outputPaths = (
				"$(DERIVED_FILE_DIR)/Pods-Reggio Audace-checkManifestLockResult.txt",
			);
			runOnlyForDeploymentPostprocessing = 0;
			shellPath = /bin/sh;
			shellScript = "diff \"${PODS_PODFILE_DIR_PATH}/Podfile.lock\" \"${PODS_ROOT}/Manifest.lock\" > /dev/null\nif [ $? != 0 ] ; then\n    # print error to STDERR\n    echo \"error: The sandbox is not in sync with the Podfile.lock. Run 'pod install' or update your CocoaPods installation.\" >&2\n    exit 1\nfi\n# This output is used by Xcode 'outputs' to avoid re-running this script phase.\necho \"SUCCESS\" > \"${SCRIPT_OUTPUT_FILE_0}\"\n";
			showEnvVarsInLog = 0;
		};
/* End PBXShellScriptBuildPhase section */

/* Begin PBXSourcesBuildPhase section */
		D1BE6D5F21AD60D800114084 /* Sources */ = {
			isa = PBXSourcesBuildPhase;
			buildActionMask = 2147483647;
			files = (
				D160DC5A21B5375200DAEF67 /* PagLogin.swift in Sources */,
				D17963F921B14779005311A8 /* VcrChannels.swift in Sources */,
				D1633DD221B0135100D5CE2F /* Chat.swift in Sources */,
				D160DC5121B529A800DAEF67 /* SeasonDay.swift in Sources */,
				D179640521B1A7FB005311A8 /* VcrSeason.swift in Sources */,
				D1633DD021B0008A00D5CE2F /* ChatView.swift in Sources */,
				D11B715021AF0F3600887D2A /* ProFileObs.swift in Sources */,
				D1BE6D6721AD60D800114084 /* AppDelegate.swift in Sources */,
				D1633DD421B01E9600D5CE2F /* VcrChat.swift in Sources */,
				D160DC4F21B521F000DAEF67 /* UrlUtils.swift in Sources */,
				D174232321AEAE68009AAEFC /* VcrNews.swift in Sources */,
				D179640121B184CE005311A8 /* PagBase.swift in Sources */,
				D1BE6D9721AD7D6100114084 /* Post.swift in Sources */,
				D17963FD21B151EB005311A8 /* ProSeasonObs.swift in Sources */,
				D160DC4E21B521F000DAEF67 /* StoryboardUtils.swift in Sources */,
				D174232921AED6C1009AAEFC /* CvcNews.swift in Sources */,
				D17963FB21B1509D005311A8 /* SeasonView.swift in Sources */,
				D160DC4D21B521F000DAEF67 /* AuthUtils.swift in Sources */,
				D11B714E21AF0A6600887D2A /* FileView.swift in Sources */,
				D160DC5821B5333D00DAEF67 /* TbrMain.swift in Sources */,
				D17963FF21B15773005311A8 /* Season.swift in Sources */,
				D17963F721B146EF005311A8 /* VcrUsers.swift in Sources */,
				D1633DC821AFEB7B00D5CE2F /* VcrBase.swift in Sources */,
				D1633DD921B02B1700D5CE2F /* CvcChat.swift in Sources */,
				D160DC5521B531B700DAEF67 /* VcrLogin.swift in Sources */,
				D179640321B18660005311A8 /* PagAccountViewController.swift in Sources */,
				D174231F21AEA99B009AAEFC /* ProPostObs.swift in Sources */,
				D1633DCE21B0000000D5CE2F /* ProChatObs.swift in Sources */,
				D174231C21AE93AC009AAEFC /* PostView.swift in Sources */,
				D1633DCB21AFFDE300D5CE2F /* PagChat.swift in Sources */,
			);
			runOnlyForDeploymentPostprocessing = 0;
		};
/* End PBXSourcesBuildPhase section */

/* Begin PBXVariantGroup section */
		D1BE6D6A21AD60D800114084 /* Main.storyboard */ = {
			isa = PBXVariantGroup;
			children = (
				D1BE6D6B21AD60D800114084 /* Base */,
			);
			name = Main.storyboard;
			sourceTree = "<group>";
		};
		D1BE6D6F21AD60EA00114084 /* LaunchScreen.storyboard */ = {
			isa = PBXVariantGroup;
			children = (
				D1BE6D7021AD60EA00114084 /* Base */,
			);
			name = LaunchScreen.storyboard;
			sourceTree = "<group>";
		};
/* End PBXVariantGroup section */

/* Begin XCBuildConfiguration section */
		D1BE6D8921AD60EB00114084 /* Debug */ = {
			isa = XCBuildConfiguration;
			buildSettings = {
				ALWAYS_SEARCH_USER_PATHS = NO;
				CLANG_ANALYZER_NONNULL = YES;
				CLANG_ANALYZER_NUMBER_OBJECT_CONVERSION = YES_AGGRESSIVE;
				CLANG_CXX_LANGUAGE_STANDARD = "gnu++14";
				CLANG_CXX_LIBRARY = "libc++";
				CLANG_ENABLE_MODULES = YES;
				CLANG_ENABLE_OBJC_ARC = YES;
				CLANG_ENABLE_OBJC_WEAK = YES;
				CLANG_WARN_BLOCK_CAPTURE_AUTORELEASING = YES;
				CLANG_WARN_BOOL_CONVERSION = YES;
				CLANG_WARN_COMMA = YES;
				CLANG_WARN_CONSTANT_CONVERSION = YES;
				CLANG_WARN_DEPRECATED_OBJC_IMPLEMENTATIONS = YES;
				CLANG_WARN_DIRECT_OBJC_ISA_USAGE = YES_ERROR;
				CLANG_WARN_DOCUMENTATION_COMMENTS = YES;
				CLANG_WARN_EMPTY_BODY = YES;
				CLANG_WARN_ENUM_CONVERSION = YES;
				CLANG_WARN_INFINITE_RECURSION = YES;
				CLANG_WARN_INT_CONVERSION = YES;
				CLANG_WARN_NON_LITERAL_NULL_CONVERSION = YES;
				CLANG_WARN_OBJC_IMPLICIT_RETAIN_SELF = YES;
				CLANG_WARN_OBJC_LITERAL_CONVERSION = YES;
				CLANG_WARN_OBJC_ROOT_CLASS = YES_ERROR;
				CLANG_WARN_RANGE_LOOP_ANALYSIS = YES;
				CLANG_WARN_STRICT_PROTOTYPES = YES;
				CLANG_WARN_SUSPICIOUS_MOVE = YES;
				CLANG_WARN_UNGUARDED_AVAILABILITY = YES_AGGRESSIVE;
				CLANG_WARN_UNREACHABLE_CODE = YES;
				CLANG_WARN__DUPLICATE_METHOD_MATCH = YES;
				CODE_SIGN_IDENTITY = "iPhone Developer";
				COPY_PHASE_STRIP = NO;
				DEBUG_INFORMATION_FORMAT = dwarf;
				ENABLE_STRICT_OBJC_MSGSEND = YES;
				ENABLE_TESTABILITY = YES;
				GCC_C_LANGUAGE_STANDARD = gnu11;
				GCC_DYNAMIC_NO_PIC = NO;
				GCC_NO_COMMON_BLOCKS = YES;
				GCC_OPTIMIZATION_LEVEL = 0;
				GCC_PREPROCESSOR_DEFINITIONS = (
					"DEBUG=1",
					"$(inherited)",
				);
				GCC_WARN_64_TO_32_BIT_CONVERSION = YES;
				GCC_WARN_ABOUT_RETURN_TYPE = YES_ERROR;
				GCC_WARN_UNDECLARED_SELECTOR = YES;
				GCC_WARN_UNINITIALIZED_AUTOS = YES_AGGRESSIVE;
				GCC_WARN_UNUSED_FUNCTION = YES;
				GCC_WARN_UNUSED_VARIABLE = YES;
				IPHONEOS_DEPLOYMENT_TARGET = 11.4;
				MTL_ENABLE_DEBUG_INFO = INCLUDE_SOURCE;
				MTL_FAST_MATH = YES;
				ONLY_ACTIVE_ARCH = YES;
				SDKROOT = iphoneos;
				SWIFT_ACTIVE_COMPILATION_CONDITIONS = DEBUG;
				SWIFT_OPTIMIZATION_LEVEL = "-Onone";
			};
			name = Debug;
		};
		D1BE6D8A21AD60EB00114084 /* Release */ = {
			isa = XCBuildConfiguration;
			buildSettings = {
				ALWAYS_SEARCH_USER_PATHS = NO;
				CLANG_ANALYZER_NONNULL = YES;
				CLANG_ANALYZER_NUMBER_OBJECT_CONVERSION = YES_AGGRESSIVE;
				CLANG_CXX_LANGUAGE_STANDARD = "gnu++14";
				CLANG_CXX_LIBRARY = "libc++";
				CLANG_ENABLE_MODULES = YES;
				CLANG_ENABLE_OBJC_ARC = YES;
				CLANG_ENABLE_OBJC_WEAK = YES;
				CLANG_WARN_BLOCK_CAPTURE_AUTORELEASING = YES;
				CLANG_WARN_BOOL_CONVERSION = YES;
				CLANG_WARN_COMMA = YES;
				CLANG_WARN_CONSTANT_CONVERSION = YES;
				CLANG_WARN_DEPRECATED_OBJC_IMPLEMENTATIONS = YES;
				CLANG_WARN_DIRECT_OBJC_ISA_USAGE = YES_ERROR;
				CLANG_WARN_DOCUMENTATION_COMMENTS = YES;
				CLANG_WARN_EMPTY_BODY = YES;
				CLANG_WARN_ENUM_CONVERSION = YES;
				CLANG_WARN_INFINITE_RECURSION = YES;
				CLANG_WARN_INT_CONVERSION = YES;
				CLANG_WARN_NON_LITERAL_NULL_CONVERSION = YES;
				CLANG_WARN_OBJC_IMPLICIT_RETAIN_SELF = YES;
				CLANG_WARN_OBJC_LITERAL_CONVERSION = YES;
				CLANG_WARN_OBJC_ROOT_CLASS = YES_ERROR;
				CLANG_WARN_RANGE_LOOP_ANALYSIS = YES;
				CLANG_WARN_STRICT_PROTOTYPES = YES;
				CLANG_WARN_SUSPICIOUS_MOVE = YES;
				CLANG_WARN_UNGUARDED_AVAILABILITY = YES_AGGRESSIVE;
				CLANG_WARN_UNREACHABLE_CODE = YES;
				CLANG_WARN__DUPLICATE_METHOD_MATCH = YES;
				CODE_SIGN_IDENTITY = "iPhone Developer";
				COPY_PHASE_STRIP = NO;
				DEBUG_INFORMATION_FORMAT = "dwarf-with-dsym";
				ENABLE_NS_ASSERTIONS = NO;
				ENABLE_STRICT_OBJC_MSGSEND = YES;
				GCC_C_LANGUAGE_STANDARD = gnu11;
				GCC_NO_COMMON_BLOCKS = YES;
				GCC_WARN_64_TO_32_BIT_CONVERSION = YES;
				GCC_WARN_ABOUT_RETURN_TYPE = YES_ERROR;
				GCC_WARN_UNDECLARED_SELECTOR = YES;
				GCC_WARN_UNINITIALIZED_AUTOS = YES_AGGRESSIVE;
				GCC_WARN_UNUSED_FUNCTION = YES;
				GCC_WARN_UNUSED_VARIABLE = YES;
				IPHONEOS_DEPLOYMENT_TARGET = 11.4;
				MTL_ENABLE_DEBUG_INFO = NO;
				MTL_FAST_MATH = YES;
				SDKROOT = iphoneos;
				SWIFT_COMPILATION_MODE = wholemodule;
				SWIFT_OPTIMIZATION_LEVEL = "-O";
				VALIDATE_PRODUCT = YES;
			};
			name = Release;
		};
		D1BE6D8C21AD60EB00114084 /* Debug */ = {
			isa = XCBuildConfiguration;
			baseConfigurationReference = E806AFB83CF3ABA360FAF618 /* Pods-Reggio Audace.debug.xcconfig */;
			buildSettings = {
				ASSETCATALOG_COMPILER_APPICON_NAME = AppIcon;
				CODE_SIGN_STYLE = Automatic;
				DEVELOPMENT_TEAM = 78G92GQSH6;
				INFOPLIST_FILE = "Reggio Audace/Info.plist";
				LD_RUNPATH_SEARCH_PATHS = (
					"$(inherited)",
					"@executable_path/Frameworks",
				);
				PRODUCT_BUNDLE_IDENTIFIER = com.topic.lensolution.topic;
				PRODUCT_NAME = "$(TARGET_NAME)";
				SWIFT_VERSION = 4.2;
				TARGETED_DEVICE_FAMILY = 1;
			};
			name = Debug;
		};
		D1BE6D8D21AD60EB00114084 /* Release */ = {
			isa = XCBuildConfiguration;
			baseConfigurationReference = 544CC687D7D6DCF8A15E205F /* Pods-Reggio Audace.release.xcconfig */;
			buildSettings = {
				ASSETCATALOG_COMPILER_APPICON_NAME = AppIcon;
				CODE_SIGN_STYLE = Automatic;
				DEVELOPMENT_TEAM = 78G92GQSH6;
				INFOPLIST_FILE = "Reggio Audace/Info.plist";
				LD_RUNPATH_SEARCH_PATHS = (
					"$(inherited)",
					"@executable_path/Frameworks",
				);
				PRODUCT_BUNDLE_IDENTIFIER = com.topic.lensolution.topic;
				PRODUCT_NAME = "$(TARGET_NAME)";
				SWIFT_VERSION = 4.2;
				TARGETED_DEVICE_FAMILY = 1;
			};
			name = Release;
		};
/* End XCBuildConfiguration section */

/* Begin XCConfigurationList section */
		D1BE6D5E21AD60D800114084 /* Build configuration list for PBXProject "Reggio Audace" */ = {
			isa = XCConfigurationList;
			buildConfigurations = (
				D1BE6D8921AD60EB00114084 /* Debug */,
				D1BE6D8A21AD60EB00114084 /* Release */,
			);
			defaultConfigurationIsVisible = 0;
			defaultConfigurationName = Release;
		};
		D1BE6D8B21AD60EB00114084 /* Build configuration list for PBXNativeTarget "Reggio Audace" */ = {
			isa = XCConfigurationList;
			buildConfigurations = (
				D1BE6D8C21AD60EB00114084 /* Debug */,
				D1BE6D8D21AD60EB00114084 /* Release */,
			);
			defaultConfigurationIsVisible = 0;
			defaultConfigurationName = Release;
		};
/* End XCConfigurationList section */
	};
	rootObject = D1BE6D5B21AD60D800114084 /* Project object */;
}
